// !$*UTF8*$!
{
	archiveVersion = 1;
	classes = {
	};
	objectVersion = 60;
	objects = {

/* Begin PBXBuildFile section */
		63532E562BCF32E70075B042 /* BugSplat.xcframework in Embed Frameworks */ = {isa = PBXBuildFile; fileRef = 63D006F42BBF569200587FBF /* BugSplat.xcframework */; settings = {ATTRIBUTES = (CodeSignOnCopy, RemoveHeadersOnCopy, ); }; };
		63D006E22BBF4A5500587FBF /* BugSplatTest-SwiftUIApp.swift in Sources */ = {isa = PBXBuildFile; fileRef = 63D006E12BBF4A5500587FBF /* BugSplatTest-SwiftUIApp.swift */; };
		63D006E42BBF4A5500587FBF /* ContentView.swift in Sources */ = {isa = PBXBuildFile; fileRef = 63D006E32BBF4A5500587FBF /* ContentView.swift */; };
		63D006E92BBF4A5700587FBF /* Preview Assets.xcassets in Resources */ = {isa = PBXBuildFile; fileRef = 63D006E82BBF4A5700587FBF /* Preview Assets.xcassets */; };
		63D006F22BBF4C3700587FBF /* Assets.xcassets in Resources */ = {isa = PBXBuildFile; fileRef = 63D006F12BBF4C3700587FBF /* Assets.xcassets */; };
		63D006FB2BC0B03700587FBF /* BugSplat.xcframework in Frameworks */ = {isa = PBXBuildFile; fileRef = 63D006F42BBF569200587FBF /* BugSplat.xcframework */; };
		63E96A142D973F1700C0C026 /* HockeySDK.xcframework in Frameworks */ = {isa = PBXBuildFile; fileRef = 63E96A122D973F1700C0C026 /* HockeySDK.xcframework */; };
		63E96A152D973F1700C0C026 /* HockeySDK.xcframework in Embed Frameworks */ = {isa = PBXBuildFile; fileRef = 63E96A122D973F1700C0C026 /* HockeySDK.xcframework */; settings = {ATTRIBUTES = (CodeSignOnCopy, RemoveHeadersOnCopy, ); }; };
		63E96A162D973F1700C0C026 /* CrashReporter.xcframework in Frameworks */ = {isa = PBXBuildFile; fileRef = 63E96A132D973F1700C0C026 /* CrashReporter.xcframework */; };
		63E96A172D973F1700C0C026 /* CrashReporter.xcframework in Embed Frameworks */ = {isa = PBXBuildFile; fileRef = 63E96A132D973F1700C0C026 /* CrashReporter.xcframework */; settings = {ATTRIBUTES = (CodeSignOnCopy, RemoveHeadersOnCopy, ); }; };
/* End PBXBuildFile section */

/* Begin PBXCopyFilesBuildPhase section */
		63D006FD2BC0B03700587FBF /* Embed Frameworks */ = {
			isa = PBXCopyFilesBuildPhase;
			buildActionMask = 12;
			dstPath = Frameworks;
			dstSubfolderSpec = 1;
			files = (
				63532E562BCF32E70075B042 /* BugSplat.xcframework in Embed Frameworks */,
			);
			name = "Embed Frameworks";
			runOnlyForDeploymentPostprocessing = 0;
		};
		63E96A182D973F1700C0C026 /* Embed Frameworks */ = {
			isa = PBXCopyFilesBuildPhase;
			buildActionMask = 2147483647;
			dstPath = "";
			dstSubfolderSpec = 10;
			files = (
				63E96A172D973F1700C0C026 /* CrashReporter.xcframework in Embed Frameworks */,
				63E96A152D973F1700C0C026 /* HockeySDK.xcframework in Embed Frameworks */,
			);
			name = "Embed Frameworks";
			runOnlyForDeploymentPostprocessing = 0;
		};
/* End PBXCopyFilesBuildPhase section */

/* Begin PBXFileReference section */
		6383C7152BDB1AB700ABC887 /* BugSplatTest-SwiftUIApp-Info.plist */ = {isa = PBXFileReference; lastKnownFileType = text.plist; path = "BugSplatTest-SwiftUIApp-Info.plist"; sourceTree = "<group>"; };
		63D006DF2BBF4A5500587FBF /* BugSplatTest-SwiftUIApp.app */ = {isa = PBXFileReference; explicitFileType = wrapper.application; includeInIndex = 0; path = "BugSplatTest-SwiftUIApp.app"; sourceTree = BUILT_PRODUCTS_DIR; };
		63D006E12BBF4A5500587FBF /* BugSplatTest-SwiftUIApp.swift */ = {isa = PBXFileReference; lastKnownFileType = sourcecode.swift; path = "BugSplatTest-SwiftUIApp.swift"; sourceTree = "<group>"; };
		63D006E32BBF4A5500587FBF /* ContentView.swift */ = {isa = PBXFileReference; lastKnownFileType = sourcecode.swift; path = ContentView.swift; sourceTree = "<group>"; };
		63D006E82BBF4A5700587FBF /* Preview Assets.xcassets */ = {isa = PBXFileReference; lastKnownFileType = folder.assetcatalog; path = "Preview Assets.xcassets"; sourceTree = "<group>"; };
		63D006F12BBF4C3700587FBF /* Assets.xcassets */ = {isa = PBXFileReference; lastKnownFileType = folder.assetcatalog; name = Assets.xcassets; path = "BugSplatTest-SwiftUI/Assets.xcassets"; sourceTree = "<group>"; };
		63D006F42BBF569200587FBF /* BugSplat.xcframework */ = {isa = PBXFileReference; expectedSignature = "AppleDeveloperProgram:TN6R4Q475K:BugSplat, LLC"; lastKnownFileType = wrapper.xcframework; name = BugSplat.xcframework; path = ../../xcframeworks/BugSplat.xcframework; sourceTree = "<group>"; };
		63E96A122D973F1700C0C026 /* HockeySDK.xcframework */ = {isa = PBXFileReference; expectedSignature = "AppleDeveloperProgram:TN6R4Q475K:BugSplat, LLC"; lastKnownFileType = wrapper.xcframework; name = HockeySDK.xcframework; path = ../../Vendor/HockeySDK.xcframework; sourceTree = "<group>"; };
		63E96A132D973F1700C0C026 /* CrashReporter.xcframework */ = {isa = PBXFileReference; expectedSignature = "AppleDeveloperProgram:TN6R4Q475K:BugSplat, LLC"; lastKnownFileType = wrapper.xcframework; name = CrashReporter.xcframework; path = ../../Vendor/CrashReporter.xcframework; sourceTree = "<group>"; };
/* End PBXFileReference section */

/* Begin PBXFrameworksBuildPhase section */
		63D006DC2BBF4A5500587FBF /* Frameworks */ = {
			isa = PBXFrameworksBuildPhase;
			buildActionMask = 2147483647;
			files = (
				63D006FB2BC0B03700587FBF /* BugSplat.xcframework in Frameworks */,
				63E96A142D973F1700C0C026 /* HockeySDK.xcframework in Frameworks */,
				63E96A162D973F1700C0C026 /* CrashReporter.xcframework in Frameworks */,
			);
			runOnlyForDeploymentPostprocessing = 0;
		};
/* End PBXFrameworksBuildPhase section */

/* Begin PBXGroup section */
		63D006E02BBF4A5500587FBF /* BugSplatTest-SwiftUI */ = {
			isa = PBXGroup;
			children = (
				63D006E12BBF4A5500587FBF /* BugSplatTest-SwiftUIApp.swift */,
				63D006E32BBF4A5500587FBF /* ContentView.swift */,
				63D006E72BBF4A5700587FBF /* Preview Content */,
			);
			path = "BugSplatTest-SwiftUI";
			sourceTree = "<group>";
		};
		63D006E72BBF4A5700587FBF /* Preview Content */ = {
			isa = PBXGroup;
			children = (
				63D006E82BBF4A5700587FBF /* Preview Assets.xcassets */,
			);
			path = "Preview Content";
			sourceTree = "<group>";
		};
		63D006F32BBF569200587FBF /* Frameworks */ = {
			isa = PBXGroup;
			children = (
				63E96A132D973F1700C0C026 /* CrashReporter.xcframework */,
				63E96A122D973F1700C0C026 /* HockeySDK.xcframework */,
				63D006F42BBF569200587FBF /* BugSplat.xcframework */,
			);
			name = Frameworks;
			sourceTree = "<group>";
		};
		6C0A686A26769BEC0045696E = {
			isa = PBXGroup;
			children = (
				6383C7152BDB1AB700ABC887 /* BugSplatTest-SwiftUIApp-Info.plist */,
				63D006F12BBF4C3700587FBF /* Assets.xcassets */,
				63D006E02BBF4A5500587FBF /* BugSplatTest-SwiftUI */,
				6C0A687426769BEC0045696E /* Products */,
				63D006F32BBF569200587FBF /* Frameworks */,
			);
			sourceTree = "<group>";
		};
		6C0A687426769BEC0045696E /* Products */ = {
			isa = PBXGroup;
			children = (
				63D006DF2BBF4A5500587FBF /* BugSplatTest-SwiftUIApp.app */,
			);
			name = Products;
			sourceTree = "<group>";
		};
/* End PBXGroup section */

/* Begin PBXNativeTarget section */
		63D006DE2BBF4A5500587FBF /* BugSplatTest-SwiftUIApp */ = {
			isa = PBXNativeTarget;
			buildConfigurationList = 63D006EA2BBF4A5700587FBF /* Build configuration list for PBXNativeTarget "BugSplatTest-SwiftUIApp" */;
			buildPhases = (
				63D006DB2BBF4A5500587FBF /* Sources */,
				63D006DC2BBF4A5500587FBF /* Frameworks */,
				63D006DD2BBF4A5500587FBF /* Resources */,
				63D006FD2BC0B03700587FBF /* Embed Frameworks */,
				634ABCCF2BD85E8500926648 /* BugSplat Symbol Upload */,
				63E96A182D973F1700C0C026 /* Embed Frameworks */,
			);
			buildRules = (
			);
			dependencies = (
			);
			name = "BugSplatTest-SwiftUIApp";
			productName = "BugSplatTest-SwiftUIApp";
			productReference = 63D006DF2BBF4A5500587FBF /* BugSplatTest-SwiftUIApp.app */;
			productType = "com.apple.product-type.application";
		};
/* End PBXNativeTarget section */

/* Begin PBXProject section */
		6C0A686B26769BEC0045696E /* Project object */ = {
			isa = PBXProject;
			attributes = {
				BuildIndependentTargetsInParallel = YES;
				LastSwiftUpdateCheck = 1530;
				LastUpgradeCheck = 1530;
				TargetAttributes = {
					63D006DE2BBF4A5500587FBF = {
						CreatedOnToolsVersion = 15.3;
					};
				};
			};
			buildConfigurationList = 6C0A686E26769BEC0045696E /* Build configuration list for PBXProject "BugSplatTest-SwiftUI" */;
			compatibilityVersion = "Xcode 9.3";
			developmentRegion = en;
			hasScannedForEncodings = 0;
			knownRegions = (
				en,
				Base,
			);
			mainGroup = 6C0A686A26769BEC0045696E;
			packageReferences = (
			);
			productRefGroup = 6C0A687426769BEC0045696E /* Products */;
			projectDirPath = "";
			projectRoot = "";
			targets = (
				63D006DE2BBF4A5500587FBF /* BugSplatTest-SwiftUIApp */,
			);
		};
/* End PBXProject section */

/* Begin PBXResourcesBuildPhase section */
		63D006DD2BBF4A5500587FBF /* Resources */ = {
			isa = PBXResourcesBuildPhase;
			buildActionMask = 2147483647;
			files = (
				63D006F22BBF4C3700587FBF /* Assets.xcassets in Resources */,
				63D006E92BBF4A5700587FBF /* Preview Assets.xcassets in Resources */,
			);
			runOnlyForDeploymentPostprocessing = 0;
		};
/* End PBXResourcesBuildPhase section */

/* Begin PBXShellScriptBuildPhase section */
		634ABCCF2BD85E8500926648 /* BugSplat Symbol Upload */ = {
			isa = PBXShellScriptBuildPhase;
			alwaysOutOfDate = 1;
			buildActionMask = 2147483647;
			files = (
			);
			inputFileListPaths = (
			);
			inputPaths = (
			);
			name = "BugSplat Symbol Upload";
			outputFileListPaths = (
			);
			outputPaths = (
			);
			runOnlyForDeploymentPostprocessing = 0;
			shellPath = /bin/sh;
			shellScript = "# Type a script or drag a script file from your workspace to insert its path.\nrm -f \"/tmp/Xcode_run_script.log\"\n\n# Xcode doesn't show run script errors in build log.\nexec > \"/tmp/Xcode_run_script.log\" 2>&1\n\necho \"PROJECT_DIR=$PROJECT_DIR\"\necho \"ARCHIVE_PATH=$ARCHIVE_PATH\"\necho \"BUILT_PRODUCTS_DIR=$BUILT_PRODUCTS_DIR\"\n \n# Use osascript(1) to present notification banners; otherwise\n# there's no progress indication until the script finishes.\n#/usr/bin/osascript -e 'display notification \"Exporting application archive…\" with title \"Archiving\"'\n\n# Ask xcodebuild(1) to export the app. Use the export options\n# from a previous manual export that used a Developer ID.\n#/usr/bin/xcodebuild -exportArchive -archivePath \"$ARCHIVE_PATH\" -exportOptionsPlist \"$SRCROOT/ExportOptions.plist\" -exportPath \"$EXPORT_PATH\"\n\n#create new archive\n#xcodebuild archive -scheme \"BugSplatTest-SwiftUIApp\" -sdk iphoneos -destination generic/platform=iOS -archivePath \"$ARCHIVE_PATH\"/BugSplatTest-SwiftUIApp.xcarchive\n\n# Ensure symbol upload tool is available\nif [ ! -f \"$PROJECT_DIR/../../Tools/symbol-upload-macos\" ]; then\n    mkdir -p \"$PROJECT_DIR/../../Tools\"\n    cd \"$PROJECT_DIR/../../Tools\"\n    curl -sL -O \"https://app.bugsplat.com/download/symbol-upload-macos\"\n    chmod +x symbol-upload-macos\nfi\n\nosascript -e 'display notification \"preparing and uploading symbols…\" with title \"BugSplat\"'\n\n\"$PROJECT_DIR\"/../../Tools/symbol-upload-macos -a \"BugSplatTest-SwiftUIApp\" -b \"Fred\" -u \"fred@bugsplat.com\" -p \"Flintstone\" -f \"**/*.dSYM\" -d \"$BUILT_PRODUCTS_DIR\" -v \"1.0 (1)\"\n";
		};
/* End PBXShellScriptBuildPhase section */

/* Begin PBXSourcesBuildPhase section */
		63D006DB2BBF4A5500587FBF /* Sources */ = {
			isa = PBXSourcesBuildPhase;
			buildActionMask = 2147483647;
			files = (
				63D006E42BBF4A5500587FBF /* ContentView.swift in Sources */,
				63D006E22BBF4A5500587FBF /* BugSplatTest-SwiftUIApp.swift in Sources */,
			);
			runOnlyForDeploymentPostprocessing = 0;
		};
/* End PBXSourcesBuildPhase section */

/* Begin XCBuildConfiguration section */
		63D006EB2BBF4A5700587FBF /* Debug */ = {
			isa = XCBuildConfiguration;
			buildSettings = {
				ASSETCATALOG_COMPILER_APPICON_NAME = AppIcon;
				ASSETCATALOG_COMPILER_GENERATE_SWIFT_ASSET_SYMBOL_EXTENSIONS = YES;
				ASSETCATALOG_COMPILER_GLOBAL_ACCENT_COLOR_NAME = AccentColor;
				CLANG_CXX_LANGUAGE_STANDARD = "gnu++20";
				CODE_SIGN_STYLE = Automatic;
				CURRENT_PROJECT_VERSION = 1;
				DEVELOPMENT_ASSET_PATHS = "\"BugSplatTest-SwiftUI/Preview Content\"";
				DEVELOPMENT_TEAM = TN6R4Q475K;
				ENABLE_PREVIEWS = YES;
				ENABLE_USER_SCRIPT_SANDBOXING = NO;
				GCC_C_LANGUAGE_STANDARD = gnu17;
				GENERATE_INFOPLIST_FILE = YES;
				INFOPLIST_FILE = "BugSplatTest-SwiftUIApp-Info.plist";
				INFOPLIST_KEY_UIApplicationSceneManifest_Generation = YES;
				INFOPLIST_KEY_UIApplicationSupportsIndirectInputEvents = YES;
				INFOPLIST_KEY_UILaunchScreen_Generation = YES;
				INFOPLIST_KEY_UISupportedInterfaceOrientations_iPad = "UIInterfaceOrientationPortrait UIInterfaceOrientationPortraitUpsideDown UIInterfaceOrientationLandscapeLeft UIInterfaceOrientationLandscapeRight";
				INFOPLIST_KEY_UISupportedInterfaceOrientations_iPhone = "UIInterfaceOrientationPortrait UIInterfaceOrientationLandscapeLeft UIInterfaceOrientationLandscapeRight";
				IPHONEOS_DEPLOYMENT_TARGET = 17.4;
				LD_RUNPATH_SEARCH_PATHS = (
					"$(inherited)",
					"@executable_path/Frameworks",
					"$(LD_RUNPATH_SEARCH_PATHS_$(IS_MACCATALYST))",
				);
				LOCALIZATION_PREFERS_STRING_CATALOGS = YES;
				MARKETING_VERSION = 1.0;
				PRODUCT_BUNDLE_IDENTIFIER = "com.bugsplat.BugSplatTest-SwiftUI";
				PRODUCT_NAME = "$(TARGET_NAME)";
				PROVISIONING_PROFILE_SPECIFIER = "";
				SWIFT_ACTIVE_COMPILATION_CONDITIONS = "DEBUG $(inherited)";
				SWIFT_EMIT_LOC_STRINGS = YES;
				SWIFT_VERSION = 5.0;
				TARGETED_DEVICE_FAMILY = "1,2";
			};
			name = Debug;
		};
		63D006EC2BBF4A5700587FBF /* Release */ = {
			isa = XCBuildConfiguration;
			buildSettings = {
				ASSETCATALOG_COMPILER_APPICON_NAME = AppIcon;
				ASSETCATALOG_COMPILER_GENERATE_SWIFT_ASSET_SYMBOL_EXTENSIONS = YES;
				ASSETCATALOG_COMPILER_GLOBAL_ACCENT_COLOR_NAME = AccentColor;
				CLANG_CXX_LANGUAGE_STANDARD = "gnu++20";
				CODE_SIGN_STYLE = Automatic;
				CURRENT_PROJECT_VERSION = 1;
				DEVELOPMENT_ASSET_PATHS = "\"BugSplatTest-SwiftUI/Preview Content\"";
				DEVELOPMENT_TEAM = TN6R4Q475K;
				ENABLE_PREVIEWS = YES;
				ENABLE_USER_SCRIPT_SANDBOXING = NO;
				GCC_C_LANGUAGE_STANDARD = gnu17;
				GENERATE_INFOPLIST_FILE = YES;
				INFOPLIST_FILE = "BugSplatTest-SwiftUIApp-Info.plist";
				INFOPLIST_KEY_UIApplicationSceneManifest_Generation = YES;
				INFOPLIST_KEY_UIApplicationSupportsIndirectInputEvents = YES;
				INFOPLIST_KEY_UILaunchScreen_Generation = YES;
				INFOPLIST_KEY_UISupportedInterfaceOrientations_iPad = "UIInterfaceOrientationPortrait UIInterfaceOrientationPortraitUpsideDown UIInterfaceOrientationLandscapeLeft UIInterfaceOrientationLandscapeRight";
				INFOPLIST_KEY_UISupportedInterfaceOrientations_iPhone = "UIInterfaceOrientationPortrait UIInterfaceOrientationLandscapeLeft UIInterfaceOrientationLandscapeRight";
				IPHONEOS_DEPLOYMENT_TARGET = 17.4;
				LD_RUNPATH_SEARCH_PATHS = (
					"$(inherited)",
					"@executable_path/Frameworks",
					"$(LD_RUNPATH_SEARCH_PATHS_$(IS_MACCATALYST))",
				);
				LOCALIZATION_PREFERS_STRING_CATALOGS = YES;
				MARKETING_VERSION = 1.0;
				PRODUCT_BUNDLE_IDENTIFIER = "com.bugsplat.BugSplatTest-SwiftUI";
				PRODUCT_NAME = "$(TARGET_NAME)";
				PROVISIONING_PROFILE_SPECIFIER = "";
				SWIFT_EMIT_LOC_STRINGS = YES;
				SWIFT_VERSION = 5.0;
				TARGETED_DEVICE_FAMILY = "1,2";
			};
			name = Release;
		};
		6C0A688026769BF30045696E /* Debug */ = {
			isa = XCBuildConfiguration;
			buildSettings = {
				ALWAYS_SEARCH_USER_PATHS = NO;
				ASSETCATALOG_COMPILER_GENERATE_SWIFT_ASSET_SYMBOL_EXTENSIONS = YES;
				CLANG_ANALYZER_NONNULL = YES;
				CLANG_ANALYZER_NUMBER_OBJECT_CONVERSION = YES_AGGRESSIVE;
				CLANG_CXX_LANGUAGE_STANDARD = "gnu++14";
				CLANG_CXX_LIBRARY = "libc++";
				CLANG_ENABLE_MODULES = YES;
				CLANG_ENABLE_OBJC_ARC = YES;
				CLANG_ENABLE_OBJC_WEAK = YES;
				CLANG_WARN_BLOCK_CAPTURE_AUTORELEASING = YES;
				CLANG_WARN_BOOL_CONVERSION = YES;
				CLANG_WARN_COMMA = YES;
				CLANG_WARN_CONSTANT_CONVERSION = YES;
				CLANG_WARN_DEPRECATED_OBJC_IMPLEMENTATIONS = YES;
				CLANG_WARN_DIRECT_OBJC_ISA_USAGE = YES_ERROR;
				CLANG_WARN_DOCUMENTATION_COMMENTS = YES;
				CLANG_WARN_EMPTY_BODY = YES;
				CLANG_WARN_ENUM_CONVERSION = YES;
				CLANG_WARN_INFINITE_RECURSION = YES;
				CLANG_WARN_INT_CONVERSION = YES;
				CLANG_WARN_NON_LITERAL_NULL_CONVERSION = YES;
				CLANG_WARN_OBJC_IMPLICIT_RETAIN_SELF = YES;
				CLANG_WARN_OBJC_LITERAL_CONVERSION = YES;
				CLANG_WARN_OBJC_ROOT_CLASS = YES_ERROR;
				CLANG_WARN_QUOTED_INCLUDE_IN_FRAMEWORK_HEADER = YES;
				CLANG_WARN_RANGE_LOOP_ANALYSIS = YES;
				CLANG_WARN_STRICT_PROTOTYPES = YES;
				CLANG_WARN_SUSPICIOUS_MOVE = YES;
				CLANG_WARN_UNGUARDED_AVAILABILITY = YES_AGGRESSIVE;
				CLANG_WARN_UNREACHABLE_CODE = YES;
				CLANG_WARN__DUPLICATE_METHOD_MATCH = YES;
				COPY_PHASE_STRIP = NO;
				DEBUG_INFORMATION_FORMAT = "dwarf-with-dsym";
				ENABLE_STRICT_OBJC_MSGSEND = YES;
				ENABLE_TESTABILITY = YES;
				GCC_C_LANGUAGE_STANDARD = gnu11;
				GCC_DYNAMIC_NO_PIC = NO;
				GCC_NO_COMMON_BLOCKS = YES;
				GCC_OPTIMIZATION_LEVEL = 0;
				GCC_PREPROCESSOR_DEFINITIONS = (
					"DEBUG=1",
					"$(inherited)",
				);
				GCC_WARN_64_TO_32_BIT_CONVERSION = YES;
				GCC_WARN_ABOUT_RETURN_TYPE = YES_ERROR;
				GCC_WARN_UNDECLARED_SELECTOR = YES;
				GCC_WARN_UNINITIALIZED_AUTOS = YES_AGGRESSIVE;
				GCC_WARN_UNUSED_FUNCTION = YES;
				GCC_WARN_UNUSED_VARIABLE = YES;
				IPHONEOS_DEPLOYMENT_TARGET = 13.0;
				MTL_ENABLE_DEBUG_INFO = INCLUDE_SOURCE;
				MTL_FAST_MATH = YES;
				ONLY_ACTIVE_ARCH = YES;
				SDKROOT = iphoneos;
				SWIFT_ACTIVE_COMPILATION_CONDITIONS = DEBUG;
				SWIFT_OPTIMIZATION_LEVEL = "-Onone";
			};
			name = Debug;
		};
		6C0A688126769BF30045696E /* Release */ = {
			isa = XCBuildConfiguration;
			buildSettings = {
				ALWAYS_SEARCH_USER_PATHS = NO;
				ASSETCATALOG_COMPILER_GENERATE_SWIFT_ASSET_SYMBOL_EXTENSIONS = YES;
				CLANG_ANALYZER_NONNULL = YES;
				CLANG_ANALYZER_NUMBER_OBJECT_CONVERSION = YES_AGGRESSIVE;
				CLANG_CXX_LANGUAGE_STANDARD = "gnu++14";
				CLANG_CXX_LIBRARY = "libc++";
				CLANG_ENABLE_MODULES = YES;
				CLANG_ENABLE_OBJC_ARC = YES;
				CLANG_ENABLE_OBJC_WEAK = YES;
				CLANG_WARN_BLOCK_CAPTURE_AUTORELEASING = YES;
				CLANG_WARN_BOOL_CONVERSION = YES;
				CLANG_WARN_COMMA = YES;
				CLANG_WARN_CONSTANT_CONVERSION = YES;
				CLANG_WARN_DEPRECATED_OBJC_IMPLEMENTATIONS = YES;
				CLANG_WARN_DIRECT_OBJC_ISA_USAGE = YES_ERROR;
				CLANG_WARN_DOCUMENTATION_COMMENTS = YES;
				CLANG_WARN_EMPTY_BODY = YES;
				CLANG_WARN_ENUM_CONVERSION = YES;
				CLANG_WARN_INFINITE_RECURSION = YES;
				CLANG_WARN_INT_CONVERSION = YES;
				CLANG_WARN_NON_LITERAL_NULL_CONVERSION = YES;
				CLANG_WARN_OBJC_IMPLICIT_RETAIN_SELF = YES;
				CLANG_WARN_OBJC_LITERAL_CONVERSION = YES;
				CLANG_WARN_OBJC_ROOT_CLASS = YES_ERROR;
				CLANG_WARN_QUOTED_INCLUDE_IN_FRAMEWORK_HEADER = YES;
				CLANG_WARN_RANGE_LOOP_ANALYSIS = YES;
				CLANG_WARN_STRICT_PROTOTYPES = YES;
				CLANG_WARN_SUSPICIOUS_MOVE = YES;
				CLANG_WARN_UNGUARDED_AVAILABILITY = YES_AGGRESSIVE;
				CLANG_WARN_UNREACHABLE_CODE = YES;
				CLANG_WARN__DUPLICATE_METHOD_MATCH = YES;
				COPY_PHASE_STRIP = NO;
				DEBUG_INFORMATION_FORMAT = "dwarf-with-dsym";
				ENABLE_NS_ASSERTIONS = NO;
				ENABLE_STRICT_OBJC_MSGSEND = YES;
				GCC_C_LANGUAGE_STANDARD = gnu11;
				GCC_NO_COMMON_BLOCKS = YES;
				GCC_WARN_64_TO_32_BIT_CONVERSION = YES;
				GCC_WARN_ABOUT_RETURN_TYPE = YES_ERROR;
				GCC_WARN_UNDECLARED_SELECTOR = YES;
				GCC_WARN_UNINITIALIZED_AUTOS = YES_AGGRESSIVE;
				GCC_WARN_UNUSED_FUNCTION = YES;
				GCC_WARN_UNUSED_VARIABLE = YES;
				IPHONEOS_DEPLOYMENT_TARGET = 13.0;
				MTL_ENABLE_DEBUG_INFO = NO;
				MTL_FAST_MATH = YES;
				SDKROOT = iphoneos;
				SWIFT_COMPILATION_MODE = wholemodule;
				SWIFT_OPTIMIZATION_LEVEL = "-O";
				VALIDATE_PRODUCT = YES;
			};
			name = Release;
		};
/* End XCBuildConfiguration section */

/* Begin XCConfigurationList section */
		63D006EA2BBF4A5700587FBF /* Build configuration list for PBXNativeTarget "BugSplatTest-SwiftUIApp" */ = {
			isa = XCConfigurationList;
			buildConfigurations = (
				63D006EB2BBF4A5700587FBF /* Debug */,
				63D006EC2BBF4A5700587FBF /* Release */,
			);
			defaultConfigurationIsVisible = 0;
			defaultConfigurationName = Release;
		};
		6C0A686E26769BEC0045696E /* Build configuration list for PBXProject "BugSplatTest-SwiftUI" */ = {
			isa = XCConfigurationList;
			buildConfigurations = (
				6C0A688026769BF30045696E /* Debug */,
				6C0A688126769BF30045696E /* Release */,
			);
			defaultConfigurationIsVisible = 0;
			defaultConfigurationName = Release;
		};
/* End XCConfigurationList section */
	};
	rootObject = 6C0A686B26769BEC0045696E /* Project object */;
}
