// !$*UTF8*$!
{
	archiveVersion = 1;
	classes = {
	};
	objectVersion = 77;
	objects = {

/* Begin PBXBuildFile section */
		637DF0D92D72A8CA00DDD8FE /* AppKit.framework in Frameworks */ = {isa = PBXBuildFile; fileRef = 637DF0D72D72A69C00DDD8FE /* AppKit.framework */; };
		63E96A372D97423B00C0C026 /* BugSplat.xcframework in Frameworks */ = {isa = PBXBuildFile; fileRef = 637DF06D2D6CE5D600DDD8FE /* BugSplat.xcframework */; };
		63E96A3C2D97423F00C0C026 /* HockeySDK.xcframework in Frameworks */ = {isa = PBXBuildFile; fileRef = 63E96A302D97418800C0C026 /* HockeySDK.xcframework */; };
		63E96A3E2D9742A200C0C026 /* CrashReporter.xcframework in Frameworks */ = {isa = PBXBuildFile; fileRef = 63E96A312D97418800C0C026 /* CrashReporter.xcframework */; };
/* End PBXBuildFile section */

/* Begin PBXCopyFilesBuildPhase section */
		637DF0602D6CE56800DDD8FE /* CopyFiles */ = {
			isa = PBXCopyFilesBuildPhase;
			buildActionMask = 2147483647;
			dstPath = /usr/share/man/man1/;
			dstSubfolderSpec = 0;
			files = (
			);
			runOnlyForDeploymentPostprocessing = 1;
		};
/* End PBXCopyFilesBuildPhase section */

/* Begin PBXFileReference section */
		637DF0622D6CE56800DDD8FE /* BugSplatTest-macOS-Tool-CPlusPlus */ = {isa = PBXFileReference; explicitFileType = "compiled.mach-o.executable"; includeInIndex = 0; path = "BugSplatTest-macOS-Tool-CPlusPlus"; sourceTree = BUILT_PRODUCTS_DIR; };
		637DF06D2D6CE5D600DDD8FE /* BugSplat.xcframework */ = {isa = PBXFileReference; expectedSignature = "AppleDeveloperProgram:TN6R4Q475K:BugSplat, LLC"; lastKnownFileType = wrapper.xcframework; name = BugSplat.xcframework; path = ../../xcframeworks/BugSplat.xcframework; sourceTree = "<group>"; };
		637DF0D72D72A69C00DDD8FE /* AppKit.framework */ = {isa = PBXFileReference; lastKnownFileType = wrapper.framework; name = AppKit.framework; path = System/Library/Frameworks/AppKit.framework; sourceTree = SDKROOT; };
		63E96A302D97418800C0C026 /* HockeySDK.xcframework */ = {isa = PBXFileReference; expectedSignature = "AppleDeveloperProgram:TN6R4Q475K:BugSplat, LLC"; lastKnownFileType = wrapper.xcframework; name = HockeySDK.xcframework; path = ../../Vendor/HockeySDK.xcframework; sourceTree = "<group>"; };
		63E96A312D97418800C0C026 /* CrashReporter.xcframework */ = {isa = PBXFileReference; expectedSignature = "AppleDeveloperProgram:TN6R4Q475K:BugSplat, LLC"; lastKnownFileType = wrapper.xcframework; name = CrashReporter.xcframework; path = ../../Vendor/CrashReporter.xcframework; sourceTree = "<group>"; };
/* End PBXFileReference section */

/* Begin PBXFileSystemSynchronizedRootGroup section */
		637DF0642D6CE56800DDD8FE /* BugSplatTest-macOS-Tool-CPlusPlus */ = {
			isa = PBXFileSystemSynchronizedRootGroup;
			path = "BugSplatTest-macOS-Tool-CPlusPlus";
			sourceTree = "<group>";
		};
/* End PBXFileSystemSynchronizedRootGroup section */

/* Begin PBXFrameworksBuildPhase section */
		637DF05F2D6CE56800DDD8FE /* Frameworks */ = {
			isa = PBXFrameworksBuildPhase;
			buildActionMask = 2147483647;
			files = (
				63E96A3E2D9742A200C0C026 /* CrashReporter.xcframework in Frameworks */,
				63E96A3C2D97423F00C0C026 /* HockeySDK.xcframework in Frameworks */,
				63E96A372D97423B00C0C026 /* BugSplat.xcframework in Frameworks */,
				637DF0D92D72A8CA00DDD8FE /* AppKit.framework in Frameworks */,
			);
			runOnlyForDeploymentPostprocessing = 0;
		};
/* End PBXFrameworksBuildPhase section */

/* Begin PBXGroup section */
		637DF0592D6CE56800DDD8FE = {
			isa = PBXGroup;
			children = (
				637DF0642D6CE56800DDD8FE /* BugSplatTest-macOS-Tool-CPlusPlus */,
				637DF06C2D6CE5D500DDD8FE /* Frameworks */,
				637DF0632D6CE56800DDD8FE /* Products */,
			);
			sourceTree = "<group>";
		};
		637DF0632D6CE56800DDD8FE /* Products */ = {
			isa = PBXGroup;
			children = (
				637DF0622D6CE56800DDD8FE /* BugSplatTest-macOS-Tool-CPlusPlus */,
			);
			name = Products;
			sourceTree = "<group>";
		};
		637DF06C2D6CE5D500DDD8FE /* Frameworks */ = {
			isa = PBXGroup;
			children = (
				63E96A312D97418800C0C026 /* CrashReporter.xcframework */,
				63E96A302D97418800C0C026 /* HockeySDK.xcframework */,
				637DF0D72D72A69C00DDD8FE /* AppKit.framework */,
				637DF06D2D6CE5D600DDD8FE /* BugSplat.xcframework */,
			);
			name = Frameworks;
			sourceTree = "<group>";
		};
/* End PBXGroup section */

/* Begin PBXNativeTarget section */
		637DF0612D6CE56800DDD8FE /* BugSplatTest-macOS-Tool-CPlusPlus */ = {
			isa = PBXNativeTarget;
			buildConfigurationList = 637DF0692D6CE56800DDD8FE /* Build configuration list for PBXNativeTarget "BugSplatTest-macOS-Tool-CPlusPlus" */;
			buildPhases = (
				637DF05E2D6CE56800DDD8FE /* Sources */,
				63E96A412D9748C100C0C026 /* Manually Codesign Frameworks */,
				637DF05F2D6CE56800DDD8FE /* Frameworks */,
				637DF0602D6CE56800DDD8FE /* CopyFiles */,
				637DF0982D6E532B00DDD8FE /* BugSplat Symbol Upload */,
			);
			buildRules = (
			);
			dependencies = (
			);
			fileSystemSynchronizedGroups = (
				637DF0642D6CE56800DDD8FE /* BugSplatTest-macOS-Tool-CPlusPlus */,
			);
			name = "BugSplatTest-macOS-Tool-CPlusPlus";
			packageProductDependencies = (
			);
			productName = "BugSplatTest-macOS-Tool-C++";
			productReference = 637DF0622D6CE56800DDD8FE /* BugSplatTest-macOS-Tool-CPlusPlus */;
			productType = "com.apple.product-type.tool";
		};
/* End PBXNativeTarget section */

/* Begin PBXProject section */
		637DF05A2D6CE56800DDD8FE /* Project object */ = {
			isa = PBXProject;
			attributes = {
				BuildIndependentTargetsInParallel = 1;
				LastUpgradeCheck = 1620;
				TargetAttributes = {
					637DF0612D6CE56800DDD8FE = {
						CreatedOnToolsVersion = 16.1;
					};
				};
			};
			buildConfigurationList = 637DF05D2D6CE56800DDD8FE /* Build configuration list for PBXProject "BugSplatTest-macOS-Tool-CPlusPlus" */;
			developmentRegion = en;
			hasScannedForEncodings = 0;
			knownRegions = (
				en,
				Base,
			);
			mainGroup = 637DF0592D6CE56800DDD8FE;
			minimizedProjectReferenceProxies = 1;
			preferredProjectObjectVersion = 77;
			productRefGroup = 637DF0632D6CE56800DDD8FE /* Products */;
			projectDirPath = "";
			projectRoot = "";
			targets = (
				637DF0612D6CE56800DDD8FE /* BugSplatTest-macOS-Tool-CPlusPlus */,
			);
		};
/* End PBXProject section */

/* Begin PBXShellScriptBuildPhase section */
		637DF0982D6E532B00DDD8FE /* BugSplat Symbol Upload */ = {
			isa = PBXShellScriptBuildPhase;
			alwaysOutOfDate = 1;
			buildActionMask = 2147483647;
			files = (
			);
			inputFileListPaths = (
			);
			inputPaths = (
			);
			name = "BugSplat Symbol Upload";
			outputFileListPaths = (
			);
			outputPaths = (
			);
			runOnlyForDeploymentPostprocessing = 0;
			shellPath = /bin/sh;
			shellScript = "# Type a script or drag a script file from your workspace to insert its path.\nrm -f \"/tmp/Xcode_run_script.log\"\n\n# Xcode doesn't show run script errors in build log.\nexec > \"/tmp/Xcode_run_script.log\" 2>&1\n\n# Ensure symbol upload tool is available\nif [ ! -f \"$PROJECT_DIR/../../Tools/symbol-upload-macos\" ]; then\n    mkdir -p \"$PROJECT_DIR/../../Tools\"\n    cd \"$PROJECT_DIR/../../Tools\"\n    curl -sL -O \"https://app.bugsplat.com/download/symbol-upload-macos\"\n    chmod +x symbol-upload-macos\nfi\n\n# Use osascript(1) to present notification banners; otherwise\nosascript -e 'display notification \"preparing and uploading symbols…\" with title \"BugSplat\"'\n\n\"$PROJECT_DIR\"/../../Tools/symbol-upload-macos -a \"BugSplatTest-macOS-Tool-CPlusPlus\" -b \"Fred\" -u \"fred@bugsplat.com\" -p \"Flintstone\" -f \"**/*.dSYM\" -d \"$BUILT_PRODUCTS_DIR\" -v \"1.0 (1)\"\n";
		};
		63E96A412D9748C100C0C026 /* Manually Codesign Frameworks */ = {
			isa = PBXShellScriptBuildPhase;
			alwaysOutOfDate = 1;
			buildActionMask = 2147483647;
			files = (
			);
			inputFileListPaths = (
			);
			inputPaths = (
			);
			name = "Manually Codesign Frameworks";
			outputFileListPaths = (
			);
			outputPaths = (
			);
			runOnlyForDeploymentPostprocessing = 0;
			shellPath = /bin/sh;
			shellScript = "# Manually Codesign dependency frameworks. Team ID for cert must match app Team ID.\n# Path to your frameworks\nCRASHREPORTER_PATH=\"${BUILT_PRODUCTS_DIR}/CrashReporter.framework\"\nHOCKEYSDK_PATH=\"${BUILT_PRODUCTS_DIR}/HockeySDK.framework\"\nBUGSPLAT_PATH=\"${BUILT_PRODUCTS_DIR}/BugSplatMac.framework\"\n\n# Sign the frameworks\ncodesign --force --deep --sign \"Apple Distribution: BugSplat, LLC (TN6R4Q475K)\" \"$CRASHREPORTER_PATH\"\ncodesign --force --deep --sign \"Apple Distribution: BugSplat, LLC (TN6R4Q475K)\" \"$HOCKEYSDK_PATH\"\ncodesign --force --deep --sign \"Apple Distribution: BugSplat, LLC (TN6R4Q475K)\" \"$BUGSPLAT_PATH\"\n";
		};
/* End PBXShellScriptBuildPhase section */

/* Begin PBXSourcesBuildPhase section */
		637DF05E2D6CE56800DDD8FE /* Sources */ = {
			isa = PBXSourcesBuildPhase;
			buildActionMask = 2147483647;
			files = (
			);
			runOnlyForDeploymentPostprocessing = 0;
		};
/* End PBXSourcesBuildPhase section */

/* Begin XCBuildConfiguration section */
		637DF0672D6CE56800DDD8FE /* Debug */ = {
			isa = XCBuildConfiguration;
			buildSettings = {
				ASSETCATALOG_COMPILER_GENERATE_SWIFT_ASSET_SYMBOL_EXTENSIONS = YES;
				CLANG_ANALYZER_NONNULL = YES;
				CLANG_ANALYZER_NUMBER_OBJECT_CONVERSION = YES_AGGRESSIVE;
				CLANG_CXX_LANGUAGE_STANDARD = "gnu++20";
				CLANG_ENABLE_MODULES = YES;
				CLANG_ENABLE_OBJC_ARC = YES;
				CLANG_ENABLE_OBJC_WEAK = YES;
				CLANG_WARN_BLOCK_CAPTURE_AUTORELEASING = YES;
				CLANG_WARN_BOOL_CONVERSION = YES;
				CLANG_WARN_COMMA = YES;
				CLANG_WARN_CONSTANT_CONVERSION = YES;
				CLANG_WARN_DEPRECATED_OBJC_IMPLEMENTATIONS = YES;
				CLANG_WARN_DIRECT_OBJC_ISA_USAGE = YES_ERROR;
				CLANG_WARN_DOCUMENTATION_COMMENTS = YES;
				CLANG_WARN_EMPTY_BODY = YES;
				CLANG_WARN_ENUM_CONVERSION = YES;
				CLANG_WARN_INFINITE_RECURSION = YES;
				CLANG_WARN_INT_CONVERSION = YES;
				CLANG_WARN_NON_LITERAL_NULL_CONVERSION = YES;
				CLANG_WARN_OBJC_IMPLICIT_RETAIN_SELF = YES;
				CLANG_WARN_OBJC_LITERAL_CONVERSION = YES;
				CLANG_WARN_OBJC_ROOT_CLASS = YES_ERROR;
				CLANG_WARN_QUOTED_INCLUDE_IN_FRAMEWORK_HEADER = YES;
				CLANG_WARN_RANGE_LOOP_ANALYSIS = YES;
				CLANG_WARN_STRICT_PROTOTYPES = YES;
				CLANG_WARN_SUSPICIOUS_MOVE = YES;
				CLANG_WARN_UNGUARDED_AVAILABILITY = YES_AGGRESSIVE;
				CLANG_WARN_UNREACHABLE_CODE = YES;
				CLANG_WARN__DUPLICATE_METHOD_MATCH = YES;
				COPY_PHASE_STRIP = NO;
				DEAD_CODE_STRIPPING = YES;
				DEBUG_INFORMATION_FORMAT = "dwarf-with-dsym";
				ENABLE_STRICT_OBJC_MSGSEND = YES;
				ENABLE_TESTABILITY = YES;
				ENABLE_USER_SCRIPT_SANDBOXING = NO;
				GCC_C_LANGUAGE_STANDARD = gnu17;
				GCC_DYNAMIC_NO_PIC = NO;
				GCC_NO_COMMON_BLOCKS = YES;
				GCC_OPTIMIZATION_LEVEL = 0;
				GCC_PREPROCESSOR_DEFINITIONS = (
					"DEBUG=1",
					"$(inherited)",
				);
				GCC_WARN_64_TO_32_BIT_CONVERSION = YES;
				GCC_WARN_ABOUT_RETURN_TYPE = YES_ERROR;
				GCC_WARN_UNDECLARED_SELECTOR = YES;
				GCC_WARN_UNINITIALIZED_AUTOS = YES_AGGRESSIVE;
				GCC_WARN_UNUSED_FUNCTION = YES;
				GCC_WARN_UNUSED_VARIABLE = YES;
				LOCALIZATION_PREFERS_STRING_CATALOGS = YES;
				MACOSX_DEPLOYMENT_TARGET = 15.1;
				MTL_ENABLE_DEBUG_INFO = INCLUDE_SOURCE;
				MTL_FAST_MATH = YES;
				ONLY_ACTIVE_ARCH = YES;
				SDKROOT = macosx;
			};
			name = Debug;
		};
		637DF0682D6CE56800DDD8FE /* Release */ = {
			isa = XCBuildConfiguration;
			buildSettings = {
				ASSETCATALOG_COMPILER_GENERATE_SWIFT_ASSET_SYMBOL_EXTENSIONS = YES;
				CLANG_ANALYZER_NONNULL = YES;
				CLANG_ANALYZER_NUMBER_OBJECT_CONVERSION = YES_AGGRESSIVE;
				CLANG_CXX_LANGUAGE_STANDARD = "gnu++20";
				CLANG_ENABLE_MODULES = YES;
				CLANG_ENABLE_OBJC_ARC = YES;
				CLANG_ENABLE_OBJC_WEAK = YES;
				CLANG_WARN_BLOCK_CAPTURE_AUTORELEASING = YES;
				CLANG_WARN_BOOL_CONVERSION = YES;
				CLANG_WARN_COMMA = YES;
				CLANG_WARN_CONSTANT_CONVERSION = YES;
				CLANG_WARN_DEPRECATED_OBJC_IMPLEMENTATIONS = YES;
				CLANG_WARN_DIRECT_OBJC_ISA_USAGE = YES_ERROR;
				CLANG_WARN_DOCUMENTATION_COMMENTS = YES;
				CLANG_WARN_EMPTY_BODY = YES;
				CLANG_WARN_ENUM_CONVERSION = YES;
				CLANG_WARN_INFINITE_RECURSION = YES;
				CLANG_WARN_INT_CONVERSION = YES;
				CLANG_WARN_NON_LITERAL_NULL_CONVERSION = YES;
				CLANG_WARN_OBJC_IMPLICIT_RETAIN_SELF = YES;
				CLANG_WARN_OBJC_LITERAL_CONVERSION = YES;
				CLANG_WARN_OBJC_ROOT_CLASS = YES_ERROR;
				CLANG_WARN_QUOTED_INCLUDE_IN_FRAMEWORK_HEADER = YES;
				CLANG_WARN_RANGE_LOOP_ANALYSIS = YES;
				CLANG_WARN_STRICT_PROTOTYPES = YES;
				CLANG_WARN_SUSPICIOUS_MOVE = YES;
				CLANG_WARN_UNGUARDED_AVAILABILITY = YES_AGGRESSIVE;
				CLANG_WARN_UNREACHABLE_CODE = YES;
				CLANG_WARN__DUPLICATE_METHOD_MATCH = YES;
				COPY_PHASE_STRIP = NO;
				DEAD_CODE_STRIPPING = YES;
				DEBUG_INFORMATION_FORMAT = "dwarf-with-dsym";
				ENABLE_NS_ASSERTIONS = NO;
				ENABLE_STRICT_OBJC_MSGSEND = YES;
				ENABLE_USER_SCRIPT_SANDBOXING = NO;
				GCC_C_LANGUAGE_STANDARD = gnu17;
				GCC_NO_COMMON_BLOCKS = YES;
				GCC_WARN_64_TO_32_BIT_CONVERSION = YES;
				GCC_WARN_ABOUT_RETURN_TYPE = YES_ERROR;
				GCC_WARN_UNDECLARED_SELECTOR = YES;
				GCC_WARN_UNINITIALIZED_AUTOS = YES_AGGRESSIVE;
				GCC_WARN_UNUSED_FUNCTION = YES;
				GCC_WARN_UNUSED_VARIABLE = YES;
				LOCALIZATION_PREFERS_STRING_CATALOGS = YES;
				MACOSX_DEPLOYMENT_TARGET = 15.1;
				MTL_ENABLE_DEBUG_INFO = NO;
				MTL_FAST_MATH = YES;
				SDKROOT = macosx;
			};
			name = Release;
		};
		637DF06A2D6CE56800DDD8FE /* Debug */ = {
			isa = XCBuildConfiguration;
			buildSettings = {
				CODE_SIGN_IDENTITY = "Apple Development";
				"CODE_SIGN_IDENTITY[sdk=macosx*]" = "Apple Development";
				CODE_SIGN_STYLE = Automatic;
				CREATE_INFOPLIST_SECTION_IN_BINARY = YES;
				CURRENT_PROJECT_VERSION = 1;
				DEAD_CODE_STRIPPING = YES;
				DEVELOPMENT_TEAM = TN6R4Q475K;
				ENABLE_HARDENED_RUNTIME = YES;
				GENERATE_INFOPLIST_FILE = YES;
				MACOSX_DEPLOYMENT_TARGET = 15.0;
				MARKETING_VERSION = 1.0;
				PRODUCT_BUNDLE_IDENTIFIER = "com.bugsplat.BugSplatTest-macOS-Tool-CPlusPlus";
				PRODUCT_NAME = "$(TARGET_NAME)";
				PROVISIONING_PROFILE_SPECIFIER = "";
			};
			name = Debug;
		};
		637DF06B2D6CE56800DDD8FE /* Release */ = {
			isa = XCBuildConfiguration;
			buildSettings = {
				CODE_SIGN_IDENTITY = "Apple Development";
				"CODE_SIGN_IDENTITY[sdk=macosx*]" = "Apple Development";
				CODE_SIGN_STYLE = Automatic;
				CREATE_INFOPLIST_SECTION_IN_BINARY = YES;
				CURRENT_PROJECT_VERSION = 1;
				DEAD_CODE_STRIPPING = YES;
				DEVELOPMENT_TEAM = TN6R4Q475K;
				ENABLE_HARDENED_RUNTIME = YES;
				GENERATE_INFOPLIST_FILE = YES;
				MACOSX_DEPLOYMENT_TARGET = 15.0;
				MARKETING_VERSION = 1.0;
				PRODUCT_BUNDLE_IDENTIFIER = "com.bugsplat.BugSplatTest-macOS-Tool-CPlusPlus";
				PRODUCT_NAME = "$(TARGET_NAME)";
				PROVISIONING_PROFILE_SPECIFIER = "";
			};
			name = Release;
		};
/* End XCBuildConfiguration section */

/* Begin XCConfigurationList section */
		637DF05D2D6CE56800DDD8FE /* Build configuration list for PBXProject "BugSplatTest-macOS-Tool-CPlusPlus" */ = {
			isa = XCConfigurationList;
			buildConfigurations = (
				637DF0672D6CE56800DDD8FE /* Debug */,
				637DF0682D6CE56800DDD8FE /* Release */,
			);
			defaultConfigurationIsVisible = 0;
			defaultConfigurationName = Release;
		};
		637DF0692D6CE56800DDD8FE /* Build configuration list for PBXNativeTarget "BugSplatTest-macOS-Tool-CPlusPlus" */ = {
			isa = XCConfigurationList;
			buildConfigurations = (
				637DF06A2D6CE56800DDD8FE /* Debug */,
				637DF06B2D6CE56800DDD8FE /* Release */,
			);
			defaultConfigurationIsVisible = 0;
			defaultConfigurationName = Release;
		};
/* End XCConfigurationList section */
	};
	rootObject = 637DF05A2D6CE56800DDD8FE /* Project object */;
}
