// !$*UTF8*$!
{
	archiveVersion = 1;
	classes = {
	};
	objectVersion = 60;
	objects = {

/* Begin PBXBuildFile section */
		6341B2752BDC4DE9007EE8AC /* AppDelegate.m in Sources */ = {isa = PBXBuildFile; fileRef = 6341B2742BDC4DE9007EE8AC /* AppDelegate.m */; };
		6341B2782BDC4DE9007EE8AC /* ViewController.m in Sources */ = {isa = PBXBuildFile; fileRef = 6341B2772BDC4DE9007EE8AC /* ViewController.m */; };
		6341B27A2BDC4DEB007EE8AC /* Assets.xcassets in Resources */ = {isa = PBXBuildFile; fileRef = 6341B2792BDC4DEB007EE8AC /* Assets.xcassets */; };
		6341B27D2BDC4DEB007EE8AC /* Base in Resources */ = {isa = PBXBuildFile; fileRef = 6341B27C2BDC4DEB007EE8AC /* Base */; };
		6341B27F2BDC4DEB007EE8AC /* main.m in Sources */ = {isa = PBXBuildFile; fileRef = 6341B27E2BDC4DEB007EE8AC /* main.m */; };
		6341B2882BDC4E02007EE8AC /* BugSplat.xcframework in Frameworks */ = {isa = PBXBuildFile; fileRef = 6341B2872BDC4E02007EE8AC /* BugSplat.xcframework */; };
		6341B2892BDC4E02007EE8AC /* BugSplat.xcframework in Embed Frameworks */ = {isa = PBXBuildFile; fileRef = 6341B2872BDC4E02007EE8AC /* BugSplat.xcframework */; settings = {ATTRIBUTES = (CodeSignOnCopy, RemoveHeadersOnCopy, ); }; };
		63E96A272D9740A100C0C026 /* CrashReporter.xcframework in Frameworks */ = {isa = PBXBuildFile; fileRef = 63E96A252D9740A100C0C026 /* CrashReporter.xcframework */; };
		63E96A282D9740A100C0C026 /* CrashReporter.xcframework in Embed Frameworks */ = {isa = PBXBuildFile; fileRef = 63E96A252D9740A100C0C026 /* CrashReporter.xcframework */; settings = {ATTRIBUTES = (CodeSignOnCopy, RemoveHeadersOnCopy, ); }; };
		63E96A292D9740A100C0C026 /* HockeySDK.xcframework in Frameworks */ = {isa = PBXBuildFile; fileRef = 63E96A262D9740A100C0C026 /* HockeySDK.xcframework */; };
		63E96A2A2D9740A100C0C026 /* HockeySDK.xcframework in Embed Frameworks */ = {isa = PBXBuildFile; fileRef = 63E96A262D9740A100C0C026 /* HockeySDK.xcframework */; settings = {ATTRIBUTES = (CodeSignOnCopy, RemoveHeadersOnCopy, ); }; };
/* End PBXBuildFile section */

/* Begin PBXCopyFilesBuildPhase section */
		6341B28A2BDC4E02007EE8AC /* Embed Frameworks */ = {
			isa = PBXCopyFilesBuildPhase;
			buildActionMask = 2147483647;
			dstPath = "";
			dstSubfolderSpec = 10;
			files = (
				63E96A2A2D9740A100C0C026 /* HockeySDK.xcframework in Embed Frameworks */,
				63E96A282D9740A100C0C026 /* CrashReporter.xcframework in Embed Frameworks */,
				6341B2892BDC4E02007EE8AC /* BugSplat.xcframework in Embed Frameworks */,
			);
			name = "Embed Frameworks";
			runOnlyForDeploymentPostprocessing = 0;
		};
/* End PBXCopyFilesBuildPhase section */

/* Begin PBXFileReference section */
		6341B2702BDC4DE9007EE8AC /* BugSplatTest-macOS-UIKit-ObjC.app */ = {isa = PBXFileReference; explicitFileType = wrapper.application; includeInIndex = 0; path = "BugSplatTest-macOS-UIKit-ObjC.app"; sourceTree = BUILT_PRODUCTS_DIR; };
		6341B2732BDC4DE9007EE8AC /* AppDelegate.h */ = {isa = PBXFileReference; lastKnownFileType = sourcecode.c.h; path = AppDelegate.h; sourceTree = "<group>"; };
		6341B2742BDC4DE9007EE8AC /* AppDelegate.m */ = {isa = PBXFileReference; lastKnownFileType = sourcecode.c.objc; path = AppDelegate.m; sourceTree = "<group>"; };
		6341B2762BDC4DE9007EE8AC /* ViewController.h */ = {isa = PBXFileReference; lastKnownFileType = sourcecode.c.h; path = ViewController.h; sourceTree = "<group>"; };
		6341B2772BDC4DE9007EE8AC /* ViewController.m */ = {isa = PBXFileReference; lastKnownFileType = sourcecode.c.objc; path = ViewController.m; sourceTree = "<group>"; };
		6341B2792BDC4DEB007EE8AC /* Assets.xcassets */ = {isa = PBXFileReference; lastKnownFileType = folder.assetcatalog; path = Assets.xcassets; sourceTree = "<group>"; };
		6341B27C2BDC4DEB007EE8AC /* Base */ = {isa = PBXFileReference; lastKnownFileType = file.storyboard; name = Base; path = Base.lproj/Main.storyboard; sourceTree = "<group>"; };
		6341B27E2BDC4DEB007EE8AC /* main.m */ = {isa = PBXFileReference; lastKnownFileType = sourcecode.c.objc; path = main.m; sourceTree = "<group>"; };
		6341B2802BDC4DEB007EE8AC /* BugSplatTest_macOS_UIKit_ObjC.entitlements */ = {isa = PBXFileReference; lastKnownFileType = text.plist.entitlements; path = BugSplatTest_macOS_UIKit_ObjC.entitlements; sourceTree = "<group>"; };
		6341B2872BDC4E02007EE8AC /* BugSplat.xcframework */ = {isa = PBXFileReference; expectedSignature = "AppleDeveloperProgram:TN6R4Q475K:BugSplat, LLC"; lastKnownFileType = wrapper.xcframework; name = BugSplat.xcframework; path = ../../xcframeworks/BugSplat.xcframework; sourceTree = "<group>"; };
		636215F72BE0732900A21933 /* Info.plist */ = {isa = PBXFileReference; lastKnownFileType = text.plist; path = Info.plist; sourceTree = "<group>"; };
		63E96A252D9740A100C0C026 /* CrashReporter.xcframework */ = {isa = PBXFileReference; expectedSignature = "AppleDeveloperProgram:TN6R4Q475K:BugSplat, LLC"; lastKnownFileType = wrapper.xcframework; name = CrashReporter.xcframework; path = ../../Vendor/CrashReporter.xcframework; sourceTree = "<group>"; };
		63E96A262D9740A100C0C026 /* HockeySDK.xcframework */ = {isa = PBXFileReference; expectedSignature = "AppleDeveloperProgram:TN6R4Q475K:BugSplat, LLC"; lastKnownFileType = wrapper.xcframework; name = HockeySDK.xcframework; path = ../../Vendor/HockeySDK.xcframework; sourceTree = "<group>"; };
/* End PBXFileReference section */

/* Begin PBXFrameworksBuildPhase section */
		6341B26D2BDC4DE9007EE8AC /* Frameworks */ = {
			isa = PBXFrameworksBuildPhase;
			buildActionMask = 2147483647;
			files = (
				63E96A292D9740A100C0C026 /* HockeySDK.xcframework in Frameworks */,
				63E96A272D9740A100C0C026 /* CrashReporter.xcframework in Frameworks */,
				6341B2882BDC4E02007EE8AC /* BugSplat.xcframework in Frameworks */,
			);
			runOnlyForDeploymentPostprocessing = 0;
		};
/* End PBXFrameworksBuildPhase section */

/* Begin PBXGroup section */
		6341B2672BDC4DE9007EE8AC = {
			isa = PBXGroup;
			children = (
				6341B2722BDC4DE9007EE8AC /* BugSplatTest-macOS-UIKit-ObjC */,
				6341B2712BDC4DE9007EE8AC /* Products */,
				6341B2862BDC4E02007EE8AC /* Frameworks */,
			);
			sourceTree = "<group>";
		};
		6341B2712BDC4DE9007EE8AC /* Products */ = {
			isa = PBXGroup;
			children = (
				6341B2702BDC4DE9007EE8AC /* BugSplatTest-macOS-UIKit-ObjC.app */,
			);
			name = Products;
			sourceTree = "<group>";
		};
		6341B2722BDC4DE9007EE8AC /* BugSplatTest-macOS-UIKit-ObjC */ = {
			isa = PBXGroup;
			children = (
				636215F72BE0732900A21933 /* Info.plist */,
				6341B2732BDC4DE9007EE8AC /* AppDelegate.h */,
				6341B2742BDC4DE9007EE8AC /* AppDelegate.m */,
				6341B2762BDC4DE9007EE8AC /* ViewController.h */,
				6341B2772BDC4DE9007EE8AC /* ViewController.m */,
				6341B2792BDC4DEB007EE8AC /* Assets.xcassets */,
				6341B27B2BDC4DEB007EE8AC /* Main.storyboard */,
				6341B27E2BDC4DEB007EE8AC /* main.m */,
				6341B2802BDC4DEB007EE8AC /* BugSplatTest_macOS_UIKit_ObjC.entitlements */,
			);
			path = "BugSplatTest-macOS-UIKit-ObjC";
			sourceTree = "<group>";
		};
		6341B2862BDC4E02007EE8AC /* Frameworks */ = {
			isa = PBXGroup;
			children = (
				63E96A252D9740A100C0C026 /* CrashReporter.xcframework */,
				63E96A262D9740A100C0C026 /* HockeySDK.xcframework */,
				6341B2872BDC4E02007EE8AC /* BugSplat.xcframework */,
			);
			name = Frameworks;
			sourceTree = "<group>";
		};
/* End PBXGroup section */

/* Begin PBXNativeTarget section */
		6341B26F2BDC4DE9007EE8AC /* BugSplatTest-macOS-UIKit-ObjC */ = {
			isa = PBXNativeTarget;
			buildConfigurationList = 6341B2832BDC4DEB007EE8AC /* Build configuration list for PBXNativeTarget "BugSplatTest-macOS-UIKit-ObjC" */;
			buildPhases = (
				6341B26C2BDC4DE9007EE8AC /* Sources */,
				6341B26D2BDC4DE9007EE8AC /* Frameworks */,
				6341B26E2BDC4DE9007EE8AC /* Resources */,
				6341B28A2BDC4E02007EE8AC /* Embed Frameworks */,
				6341B28B2BDC4E30007EE8AC /* BugSplat Symbol Upload */,
			);
			buildRules = (
			);
			dependencies = (
			);
			name = "BugSplatTest-macOS-UIKit-ObjC";
			productName = "BugSplatTest-macOS-UIKit-ObjC";
			productReference = 6341B2702BDC4DE9007EE8AC /* BugSplatTest-macOS-UIKit-ObjC.app */;
			productType = "com.apple.product-type.application";
		};
/* End PBXNativeTarget section */

/* Begin PBXProject section */
		6341B2682BDC4DE9007EE8AC /* Project object */ = {
			isa = PBXProject;
			attributes = {
				BuildIndependentTargetsInParallel = 1;
				LastUpgradeCheck = 1620;
				TargetAttributes = {
					6341B26F2BDC4DE9007EE8AC = {
						CreatedOnToolsVersion = 15.3;
					};
				};
			};
			buildConfigurationList = 6341B26B2BDC4DE9007EE8AC /* Build configuration list for PBXProject "BugSplatTest-macOS-UIKit-ObjC" */;
			compatibilityVersion = "Xcode 14.0";
			developmentRegion = en;
			hasScannedForEncodings = 0;
			knownRegions = (
				en,
				Base,
			);
			mainGroup = 6341B2672BDC4DE9007EE8AC;
			productRefGroup = 6341B2712BDC4DE9007EE8AC /* Products */;
			projectDirPath = "";
			projectRoot = "";
			targets = (
				6341B26F2BDC4DE9007EE8AC /* BugSplatTest-macOS-UIKit-ObjC */,
			);
		};
/* End PBXProject section */

/* Begin PBXResourcesBuildPhase section */
		6341B26E2BDC4DE9007EE8AC /* Resources */ = {
			isa = PBXResourcesBuildPhase;
			buildActionMask = 2147483647;
			files = (
				6341B27A2BDC4DEB007EE8AC /* Assets.xcassets in Resources */,
				6341B27D2BDC4DEB007EE8AC /* Base in Resources */,
			);
			runOnlyForDeploymentPostprocessing = 0;
		};
/* End PBXResourcesBuildPhase section */

/* Begin PBXShellScriptBuildPhase section */
		6341B28B2BDC4E30007EE8AC /* BugSplat Symbol Upload */ = {
			isa = PBXShellScriptBuildPhase;
			alwaysOutOfDate = 1;
			buildActionMask = 2147483647;
			files = (
			);
			inputFileListPaths = (
			);
			inputPaths = (
			);
			name = "BugSplat Symbol Upload";
			outputFileListPaths = (
			);
			outputPaths = (
			);
			runOnlyForDeploymentPostprocessing = 0;
			shellPath = /bin/sh;
			shellScript = "# Type a script or drag a script file from your workspace to insert its path.\nrm -f \"/tmp/Xcode_run_script.log\"\n\n# Xcode doesn't show run script errors in build log.\nexec > \"/tmp/Xcode_run_script.log\" 2>&1\n\n# Ensure symbol upload tool is available\nif [ ! -f \"$PROJECT_DIR/../../Tools/symbol-upload-macos\" ]; then\n    mkdir -p \"$PROJECT_DIR/../../Tools\"\n    cd \"$PROJECT_DIR/../../Tools\"\n    curl -sL -O \"https://app.bugsplat.com/download/symbol-upload-macos\"\n    chmod +x symbol-upload-macos\nfi\n\n# Use osascript(1) to present notification banners; otherwise\nosascript -e 'display notification \"preparing and uploading symbols…\" with title \"BugSplat\"'\n\n\"$PROJECT_DIR\"/../../Tools/symbol-upload-macos -a \"BugSplatTest-macOS-UIKit-ObjC\" -b \"Fred\" -u \"fred@bugsplat.com\" -p \"Flintstone\" -f \"**/*.dSYM\" -d \"$BUILT_PRODUCTS_DIR\" -v \"1.0 (1)\"\n";
		};
/* End PBXShellScriptBuildPhase section */

/* Begin PBXSourcesBuildPhase section */
		6341B26C2BDC4DE9007EE8AC /* Sources */ = {
			isa = PBXSourcesBuildPhase;
			buildActionMask = 2147483647;
			files = (
				6341B2782BDC4DE9007EE8AC /* ViewController.m in Sources */,
				6341B27F2BDC4DEB007EE8AC /* main.m in Sources */,
				6341B2752BDC4DE9007EE8AC /* AppDelegate.m in Sources */,
			);
			runOnlyForDeploymentPostprocessing = 0;
		};
/* End PBXSourcesBuildPhase section */

/* Begin PBXVariantGroup section */
		6341B27B2BDC4DEB007EE8AC /* Main.storyboard */ = {
			isa = PBXVariantGroup;
			children = (
				6341B27C2BDC4DEB007EE8AC /* Base */,
			);
			name = Main.storyboard;
			sourceTree = "<group>";
		};
/* End PBXVariantGroup section */

/* Begin XCBuildConfiguration section */
		6341B2812BDC4DEB007EE8AC /* Debug */ = {
			isa = XCBuildConfiguration;
			buildSettings = {
				ALWAYS_SEARCH_USER_PATHS = NO;
				ASSETCATALOG_COMPILER_GENERATE_SWIFT_ASSET_SYMBOL_EXTENSIONS = YES;
				CLANG_ANALYZER_NONNULL = YES;
				CLANG_ANALYZER_NUMBER_OBJECT_CONVERSION = YES_AGGRESSIVE;
				CLANG_CXX_LANGUAGE_STANDARD = "gnu++20";
				CLANG_ENABLE_MODULES = YES;
				CLANG_ENABLE_OBJC_ARC = YES;
				CLANG_ENABLE_OBJC_WEAK = YES;
				CLANG_WARN_BLOCK_CAPTURE_AUTORELEASING = YES;
				CLANG_WARN_BOOL_CONVERSION = YES;
				CLANG_WARN_COMMA = YES;
				CLANG_WARN_CONSTANT_CONVERSION = YES;
				CLANG_WARN_DEPRECATED_OBJC_IMPLEMENTATIONS = YES;
				CLANG_WARN_DIRECT_OBJC_ISA_USAGE = YES_ERROR;
				CLANG_WARN_DOCUMENTATION_COMMENTS = YES;
				CLANG_WARN_EMPTY_BODY = YES;
				CLANG_WARN_ENUM_CONVERSION = YES;
				CLANG_WARN_INFINITE_RECURSION = YES;
				CLANG_WARN_INT_CONVERSION = YES;
				CLANG_WARN_NON_LITERAL_NULL_CONVERSION = YES;
				CLANG_WARN_OBJC_IMPLICIT_RETAIN_SELF = YES;
				CLANG_WARN_OBJC_LITERAL_CONVERSION = YES;
				CLANG_WARN_OBJC_ROOT_CLASS = YES_ERROR;
				CLANG_WARN_QUOTED_INCLUDE_IN_FRAMEWORK_HEADER = YES;
				CLANG_WARN_RANGE_LOOP_ANALYSIS = YES;
				CLANG_WARN_STRICT_PROTOTYPES = YES;
				CLANG_WARN_SUSPICIOUS_MOVE = YES;
				CLANG_WARN_UNGUARDED_AVAILABILITY = YES_AGGRESSIVE;
				CLANG_WARN_UNREACHABLE_CODE = YES;
				CLANG_WARN__DUPLICATE_METHOD_MATCH = YES;
				COPY_PHASE_STRIP = NO;
				DEAD_CODE_STRIPPING = YES;
				DEBUG_INFORMATION_FORMAT = "dwarf-with-dsym";
				ENABLE_STRICT_OBJC_MSGSEND = YES;
				ENABLE_TESTABILITY = YES;
				ENABLE_USER_SCRIPT_SANDBOXING = NO;
				GCC_C_LANGUAGE_STANDARD = gnu17;
				GCC_DYNAMIC_NO_PIC = NO;
				GCC_NO_COMMON_BLOCKS = YES;
				GCC_OPTIMIZATION_LEVEL = 0;
				GCC_PREPROCESSOR_DEFINITIONS = (
					"DEBUG=1",
					"$(inherited)",
				);
				GCC_WARN_64_TO_32_BIT_CONVERSION = YES;
				GCC_WARN_ABOUT_RETURN_TYPE = YES_ERROR;
				GCC_WARN_UNDECLARED_SELECTOR = YES;
				GCC_WARN_UNINITIALIZED_AUTOS = YES_AGGRESSIVE;
				GCC_WARN_UNUSED_FUNCTION = YES;
				GCC_WARN_UNUSED_VARIABLE = YES;
				LOCALIZATION_PREFERS_STRING_CATALOGS = YES;
				MACOSX_DEPLOYMENT_TARGET = 14.4;
				MTL_ENABLE_DEBUG_INFO = INCLUDE_SOURCE;
				MTL_FAST_MATH = YES;
				ONLY_ACTIVE_ARCH = YES;
				SDKROOT = macosx;
			};
			name = Debug;
		};
		6341B2822BDC4DEB007EE8AC /* Release */ = {
			isa = XCBuildConfiguration;
			buildSettings = {
				ALWAYS_SEARCH_USER_PATHS = NO;
				ASSETCATALOG_COMPILER_GENERATE_SWIFT_ASSET_SYMBOL_EXTENSIONS = YES;
				CLANG_ANALYZER_NONNULL = YES;
				CLANG_ANALYZER_NUMBER_OBJECT_CONVERSION = YES_AGGRESSIVE;
				CLANG_CXX_LANGUAGE_STANDARD = "gnu++20";
				CLANG_ENABLE_MODULES = YES;
				CLANG_ENABLE_OBJC_ARC = YES;
				CLANG_ENABLE_OBJC_WEAK = YES;
				CLANG_WARN_BLOCK_CAPTURE_AUTORELEASING = YES;
				CLANG_WARN_BOOL_CONVERSION = YES;
				CLANG_WARN_COMMA = YES;
				CLANG_WARN_CONSTANT_CONVERSION = YES;
				CLANG_WARN_DEPRECATED_OBJC_IMPLEMENTATIONS = YES;
				CLANG_WARN_DIRECT_OBJC_ISA_USAGE = YES_ERROR;
				CLANG_WARN_DOCUMENTATION_COMMENTS = YES;
				CLANG_WARN_EMPTY_BODY = YES;
				CLANG_WARN_ENUM_CONVERSION = YES;
				CLANG_WARN_INFINITE_RECURSION = YES;
				CLANG_WARN_INT_CONVERSION = YES;
				CLANG_WARN_NON_LITERAL_NULL_CONVERSION = YES;
				CLANG_WARN_OBJC_IMPLICIT_RETAIN_SELF = YES;
				CLANG_WARN_OBJC_LITERAL_CONVERSION = YES;
				CLANG_WARN_OBJC_ROOT_CLASS = YES_ERROR;
				CLANG_WARN_QUOTED_INCLUDE_IN_FRAMEWORK_HEADER = YES;
				CLANG_WARN_RANGE_LOOP_ANALYSIS = YES;
				CLANG_WARN_STRICT_PROTOTYPES = YES;
				CLANG_WARN_SUSPICIOUS_MOVE = YES;
				CLANG_WARN_UNGUARDED_AVAILABILITY = YES_AGGRESSIVE;
				CLANG_WARN_UNREACHABLE_CODE = YES;
				CLANG_WARN__DUPLICATE_METHOD_MATCH = YES;
				COPY_PHASE_STRIP = NO;
				DEAD_CODE_STRIPPING = YES;
				DEBUG_INFORMATION_FORMAT = "dwarf-with-dsym";
				ENABLE_NS_ASSERTIONS = NO;
				ENABLE_STRICT_OBJC_MSGSEND = YES;
				ENABLE_USER_SCRIPT_SANDBOXING = NO;
				GCC_C_LANGUAGE_STANDARD = gnu17;
				GCC_NO_COMMON_BLOCKS = YES;
				GCC_WARN_64_TO_32_BIT_CONVERSION = YES;
				GCC_WARN_ABOUT_RETURN_TYPE = YES_ERROR;
				GCC_WARN_UNDECLARED_SELECTOR = YES;
				GCC_WARN_UNINITIALIZED_AUTOS = YES_AGGRESSIVE;
				GCC_WARN_UNUSED_FUNCTION = YES;
				GCC_WARN_UNUSED_VARIABLE = YES;
				LOCALIZATION_PREFERS_STRING_CATALOGS = YES;
				MACOSX_DEPLOYMENT_TARGET = 14.4;
				MTL_ENABLE_DEBUG_INFO = NO;
				MTL_FAST_MATH = YES;
				SDKROOT = macosx;
			};
			name = Release;
		};
		6341B2842BDC4DEB007EE8AC /* Debug */ = {
			isa = XCBuildConfiguration;
			buildSettings = {
				ASSETCATALOG_COMPILER_APPICON_NAME = AppIcon;
				ASSETCATALOG_COMPILER_GLOBAL_ACCENT_COLOR_NAME = AccentColor;
				CODE_SIGN_ENTITLEMENTS = "";
				CODE_SIGN_IDENTITY = "-";
				CODE_SIGN_STYLE = Automatic;
				COMBINE_HIDPI_IMAGES = YES;
				CURRENT_PROJECT_VERSION = 1;
				DEAD_CODE_STRIPPING = YES;
				DEVELOPMENT_TEAM = TN6R4Q475K;
				GENERATE_INFOPLIST_FILE = YES;
				INFOPLIST_FILE = "BugSplatTest-macOS-UIKit-ObjC/Info.plist";
				INFOPLIST_KEY_NSHumanReadableCopyright = "";
				INFOPLIST_KEY_NSMainStoryboardFile = Main;
				INFOPLIST_KEY_NSPrincipalClass = NSApplication;
				LD_RUNPATH_SEARCH_PATHS = (
					"$(inherited)",
					"@executable_path/../Frameworks",
				);
				MARKETING_VERSION = 1.0;
				PRODUCT_BUNDLE_IDENTIFIER = "com.bugsplat.BugSplatTest-macOS-UIKit-ObjC";
				PRODUCT_NAME = "$(TARGET_NAME)";
				SWIFT_EMIT_LOC_STRINGS = YES;
			};
			name = Debug;
		};
		6341B2852BDC4DEB007EE8AC /* Release */ = {
			isa = XCBuildConfiguration;
			buildSettings = {
				ASSETCATALOG_COMPILER_APPICON_NAME = AppIcon;
				ASSETCATALOG_COMPILER_GLOBAL_ACCENT_COLOR_NAME = AccentColor;
				CODE_SIGN_ENTITLEMENTS = "";
				CODE_SIGN_IDENTITY = "-";
				CODE_SIGN_STYLE = Automatic;
				COMBINE_HIDPI_IMAGES = YES;
				CURRENT_PROJECT_VERSION = 1;
				DEAD_CODE_STRIPPING = YES;
				DEVELOPMENT_TEAM = TN6R4Q475K;
				GENERATE_INFOPLIST_FILE = YES;
				INFOPLIST_FILE = "BugSplatTest-macOS-UIKit-ObjC/Info.plist";
				INFOPLIST_KEY_NSHumanReadableCopyright = "";
				INFOPLIST_KEY_NSMainStoryboardFile = Main;
				INFOPLIST_KEY_NSPrincipalClass = NSApplication;
				LD_RUNPATH_SEARCH_PATHS = (
					"$(inherited)",
					"@executable_path/../Frameworks",
				);
				MARKETING_VERSION = 1.0;
				PRODUCT_BUNDLE_IDENTIFIER = "com.bugsplat.BugSplatTest-macOS-UIKit-ObjC";
				PRODUCT_NAME = "$(TARGET_NAME)";
				SWIFT_EMIT_LOC_STRINGS = YES;
			};
			name = Release;
		};
/* End XCBuildConfiguration section */

/* Begin XCConfigurationList section */
		6341B26B2BDC4DE9007EE8AC /* Build configuration list for PBXProject "BugSplatTest-macOS-UIKit-ObjC" */ = {
			isa = XCConfigurationList;
			buildConfigurations = (
				6341B2812BDC4DEB007EE8AC /* Debug */,
				6341B2822BDC4DEB007EE8AC /* Release */,
			);
			defaultConfigurationIsVisible = 0;
			defaultConfigurationName = Release;
		};
		6341B2832BDC4DEB007EE8AC /* Build configuration list for PBXNativeTarget "BugSplatTest-macOS-UIKit-ObjC" */ = {
			isa = XCConfigurationList;
			buildConfigurations = (
				6341B2842BDC4DEB007EE8AC /* Debug */,
				6341B2852BDC4DEB007EE8AC /* Release */,
			);
			defaultConfigurationIsVisible = 0;
			defaultConfigurationName = Release;
		};
/* End XCConfigurationList section */
	};
	rootObject = 6341B2682BDC4DE9007EE8AC /* Project object */;
}
