// !$*UTF8*$!
{
	archiveVersion = 1;
	classes = {
	};
	objectVersion = 60;
	objects = {

/* Begin PBXBuildFile section */
		6341B2392BDB22DE007EE8AC /* BugSplat.xcframework in Frameworks */ = {isa = PBXBuildFile; fileRef = 6383C7372BDB1C2300ABC887 /* BugSplat.xcframework */; };
		6341B23A2BDB22DE007EE8AC /* BugSplat.xcframework in Embed Frameworks */ = {isa = PBXBuildFile; fileRef = 6383C7372BDB1C2300ABC887 /* BugSplat.xcframework */; settings = {ATTRIBUTES = (CodeSignOnCopy, RemoveHeadersOnCopy, ); }; };
		6383C7232BDB1BEF00ABC887 /* AppDelegate.swift in Sources */ = {isa = PBXBuildFile; fileRef = 6383C7222BDB1BEF00ABC887 /* AppDelegate.swift */; };
		6383C7252BDB1BEF00ABC887 /* SceneDelegate.swift in Sources */ = {isa = PBXBuildFile; fileRef = 6383C7242BDB1BEF00ABC887 /* SceneDelegate.swift */; };
		6383C7272BDB1BEF00ABC887 /* ViewController.swift in Sources */ = {isa = PBXBuildFile; fileRef = 6383C7262BDB1BEF00ABC887 /* ViewController.swift */; };
		6383C72A2BDB1BEF00ABC887 /* Base in Resources */ = {isa = PBXBuildFile; fileRef = 6383C7292BDB1BEF00ABC887 /* Base */; };
		6383C72C2BDB1BF100ABC887 /* Assets.xcassets in Resources */ = {isa = PBXBuildFile; fileRef = 6383C72B2BDB1BF100ABC887 /* Assets.xcassets */; };
		6383C72F2BDB1BF100ABC887 /* Base in Resources */ = {isa = PBXBuildFile; fileRef = 6383C72E2BDB1BF100ABC887 /* Base */; };
		63E96A1B2D973FB300C0C026 /* CrashReporter.xcframework in Frameworks */ = {isa = PBXBuildFile; fileRef = 63E96A192D973FB300C0C026 /* CrashReporter.xcframework */; };
		63E96A1C2D973FB300C0C026 /* CrashReporter.xcframework in Embed Frameworks */ = {isa = PBXBuildFile; fileRef = 63E96A192D973FB300C0C026 /* CrashReporter.xcframework */; settings = {ATTRIBUTES = (CodeSignOnCopy, RemoveHeadersOnCopy, ); }; };
		63E96A1D2D973FB300C0C026 /* HockeySDK.xcframework in Frameworks */ = {isa = PBXBuildFile; fileRef = 63E96A1A2D973FB300C0C026 /* HockeySDK.xcframework */; };
		63E96A1E2D973FB300C0C026 /* HockeySDK.xcframework in Embed Frameworks */ = {isa = PBXBuildFile; fileRef = 63E96A1A2D973FB300C0C026 /* HockeySDK.xcframework */; settings = {ATTRIBUTES = (CodeSignOnCopy, RemoveHeadersOnCopy, ); }; };
/* End PBXBuildFile section */

/* Begin PBXCopyFilesBuildPhase section */
		6341B23B2BDB22DE007EE8AC /* Embed Frameworks */ = {
			isa = PBXCopyFilesBuildPhase;
			buildActionMask = 2147483647;
			dstPath = "";
			dstSubfolderSpec = 10;
			files = (
				63E96A1E2D973FB300C0C026 /* HockeySDK.xcframework in Embed Frameworks */,
				63E96A1C2D973FB300C0C026 /* CrashReporter.xcframework in Embed Frameworks */,
				6341B23A2BDB22DE007EE8AC /* BugSplat.xcframework in Embed Frameworks */,
			);
			name = "Embed Frameworks";
			runOnlyForDeploymentPostprocessing = 0;
		};
/* End PBXCopyFilesBuildPhase section */

/* Begin PBXFileReference section */
		6383C71F2BDB1BEF00ABC887 /* BugSplatTest-UIKit-Swift.app */ = {isa = PBXFileReference; explicitFileType = wrapper.application; includeInIndex = 0; path = "BugSplatTest-UIKit-Swift.app"; sourceTree = BUILT_PRODUCTS_DIR; };
		6383C7222BDB1BEF00ABC887 /* AppDelegate.swift */ = {isa = PBXFileReference; lastKnownFileType = sourcecode.swift; path = AppDelegate.swift; sourceTree = "<group>"; };
		6383C7242BDB1BEF00ABC887 /* SceneDelegate.swift */ = {isa = PBXFileReference; lastKnownFileType = sourcecode.swift; path = SceneDelegate.swift; sourceTree = "<group>"; };
		6383C7262BDB1BEF00ABC887 /* ViewController.swift */ = {isa = PBXFileReference; lastKnownFileType = sourcecode.swift; path = ViewController.swift; sourceTree = "<group>"; };
		6383C7292BDB1BEF00ABC887 /* Base */ = {isa = PBXFileReference; lastKnownFileType = file.storyboard; name = Base; path = Base.lproj/Main.storyboard; sourceTree = "<group>"; };
		6383C72B2BDB1BF100ABC887 /* Assets.xcassets */ = {isa = PBXFileReference; lastKnownFileType = folder.assetcatalog; path = Assets.xcassets; sourceTree = "<group>"; };
		6383C72E2BDB1BF100ABC887 /* Base */ = {isa = PBXFileReference; lastKnownFileType = file.storyboard; name = Base; path = Base.lproj/LaunchScreen.storyboard; sourceTree = "<group>"; };
		6383C7302BDB1BF100ABC887 /* Info.plist */ = {isa = PBXFileReference; lastKnownFileType = text.plist.xml; path = Info.plist; sourceTree = "<group>"; };
		6383C7372BDB1C2300ABC887 /* BugSplat.xcframework */ = {isa = PBXFileReference; expectedSignature = "AppleDeveloperProgram:TN6R4Q475K:BugSplat, LLC"; lastKnownFileType = wrapper.xcframework; name = BugSplat.xcframework; path = ../../xcframeworks/BugSplat.xcframework; sourceTree = "<group>"; };
		63E96A192D973FB300C0C026 /* CrashReporter.xcframework */ = {isa = PBXFileReference; expectedSignature = "AppleDeveloperProgram:TN6R4Q475K:BugSplat, LLC"; lastKnownFileType = wrapper.xcframework; name = CrashReporter.xcframework; path = ../../Vendor/CrashReporter.xcframework; sourceTree = "<group>"; };
		63E96A1A2D973FB300C0C026 /* HockeySDK.xcframework */ = {isa = PBXFileReference; expectedSignature = "AppleDeveloperProgram:TN6R4Q475K:BugSplat, LLC"; lastKnownFileType = wrapper.xcframework; name = HockeySDK.xcframework; path = ../../Vendor/HockeySDK.xcframework; sourceTree = "<group>"; };
/* End PBXFileReference section */

/* Begin PBXFrameworksBuildPhase section */
		6383C71C2BDB1BEF00ABC887 /* Frameworks */ = {
			isa = PBXFrameworksBuildPhase;
			buildActionMask = 2147483647;
			files = (
				63E96A1D2D973FB300C0C026 /* HockeySDK.xcframework in Frameworks */,
				63E96A1B2D973FB300C0C026 /* CrashReporter.xcframework in Frameworks */,
				6341B2392BDB22DE007EE8AC /* BugSplat.xcframework in Frameworks */,
			);
			runOnlyForDeploymentPostprocessing = 0;
		};
/* End PBXFrameworksBuildPhase section */

/* Begin PBXGroup section */
		6383C7162BDB1BEF00ABC887 = {
			isa = PBXGroup;
			children = (
				6383C7212BDB1BEF00ABC887 /* BugSplatTest-UIKit-Swift */,
				6383C7202BDB1BEF00ABC887 /* Products */,
				6383C7362BDB1C2300ABC887 /* Frameworks */,
			);
			sourceTree = "<group>";
		};
		6383C7202BDB1BEF00ABC887 /* Products */ = {
			isa = PBXGroup;
			children = (
				6383C71F2BDB1BEF00ABC887 /* BugSplatTest-UIKit-Swift.app */,
			);
			name = Products;
			sourceTree = "<group>";
		};
		6383C7212BDB1BEF00ABC887 /* BugSplatTest-UIKit-Swift */ = {
			isa = PBXGroup;
			children = (
				6383C7222BDB1BEF00ABC887 /* AppDelegate.swift */,
				6383C7242BDB1BEF00ABC887 /* SceneDelegate.swift */,
				6383C7262BDB1BEF00ABC887 /* ViewController.swift */,
				6383C7282BDB1BEF00ABC887 /* Main.storyboard */,
				6383C72B2BDB1BF100ABC887 /* Assets.xcassets */,
				6383C72D2BDB1BF100ABC887 /* LaunchScreen.storyboard */,
				6383C7302BDB1BF100ABC887 /* Info.plist */,
			);
			path = "BugSplatTest-UIKit-Swift";
			sourceTree = "<group>";
		};
		6383C7362BDB1C2300ABC887 /* Frameworks */ = {
			isa = PBXGroup;
			children = (
				63E96A192D973FB300C0C026 /* CrashReporter.xcframework */,
				63E96A1A2D973FB300C0C026 /* HockeySDK.xcframework */,
				6383C7372BDB1C2300ABC887 /* BugSplat.xcframework */,
			);
			name = Frameworks;
			sourceTree = "<group>";
		};
/* End PBXGroup section */

/* Begin PBXNativeTarget section */
		6383C71E2BDB1BEF00ABC887 /* BugSplatTest-UIKit-Swift */ = {
			isa = PBXNativeTarget;
			buildConfigurationList = 6383C7332BDB1BF100ABC887 /* Build configuration list for PBXNativeTarget "BugSplatTest-UIKit-Swift" */;
			buildPhases = (
				6383C71B2BDB1BEF00ABC887 /* Sources */,
				6383C71C2BDB1BEF00ABC887 /* Frameworks */,
				6383C71D2BDB1BEF00ABC887 /* Resources */,
				6341B23B2BDB22DE007EE8AC /* Embed Frameworks */,
				6383C7392BDB1FB000ABC887 /* BugSplat Symbol Upload */,
			);
			buildRules = (
			);
			dependencies = (
			);
			name = "BugSplatTest-UIKit-Swift";
			productName = "BugSplatTest-UIKit-Swift";
			productReference = 6383C71F2BDB1BEF00ABC887 /* BugSplatTest-UIKit-Swift.app */;
			productType = "com.apple.product-type.application";
		};
/* End PBXNativeTarget section */

/* Begin PBXProject section */
		6383C7172BDB1BEF00ABC887 /* Project object */ = {
			isa = PBXProject;
			attributes = {
				BuildIndependentTargetsInParallel = 1;
				LastSwiftUpdateCheck = 1530;
				LastUpgradeCheck = 1530;
				TargetAttributes = {
					6383C71E2BDB1BEF00ABC887 = {
						CreatedOnToolsVersion = 15.3;
					};
				};
			};
			buildConfigurationList = 6383C71A2BDB1BEF00ABC887 /* Build configuration list for PBXProject "BugSplatTest-UIKit-Swift" */;
			compatibilityVersion = "Xcode 14.0";
			developmentRegion = en;
			hasScannedForEncodings = 0;
			knownRegions = (
				en,
				Base,
			);
			mainGroup = 6383C7162BDB1BEF00ABC887;
			productRefGroup = 6383C7202BDB1BEF00ABC887 /* Products */;
			projectDirPath = "";
			projectRoot = "";
			targets = (
				6383C71E2BDB1BEF00ABC887 /* BugSplatTest-UIKit-Swift */,
			);
		};
/* End PBXProject section */

/* Begin PBXResourcesBuildPhase section */
		6383C71D2BDB1BEF00ABC887 /* Resources */ = {
			isa = PBXResourcesBuildPhase;
			buildActionMask = 2147483647;
			files = (
				6383C72C2BDB1BF100ABC887 /* Assets.xcassets in Resources */,
				6383C72F2BDB1BF100ABC887 /* Base in Resources */,
				6383C72A2BDB1BEF00ABC887 /* Base in Resources */,
			);
			runOnlyForDeploymentPostprocessing = 0;
		};
/* End PBXResourcesBuildPhase section */

/* Begin PBXShellScriptBuildPhase section */
		6383C7392BDB1FB000ABC887 /* BugSplat Symbol Upload */ = {
			isa = PBXShellScriptBuildPhase;
			alwaysOutOfDate = 1;
			buildActionMask = 2147483647;
			files = (
			);
			inputFileListPaths = (
			);
			inputPaths = (
			);
			name = "BugSplat Symbol Upload";
			outputFileListPaths = (
			);
			outputPaths = (
			);
			runOnlyForDeploymentPostprocessing = 0;
			shellPath = /bin/sh;
			shellScript = "# Type a script or drag a script file from your workspace to insert its path.\nrm -f \"/tmp/Xcode_run_script.log\"\n\n# Xcode doesn't show run script errors in build log.\nexec > \"/tmp/Xcode_run_script.log\" 2>&1\n\necho \"PROJECT_DIR=$PROJECT_DIR\"\necho \"ARCHIVE_PATH=$ARCHIVE_PATH\"\necho \"BUILT_PRODUCTS_DIR=$BUILT_PRODUCTS_DIR\"\n \n# Use osascript(1) to present notification banners; otherwise\n# there's no progress indication until the script finishes.\n#/usr/bin/osascript -e 'display notification \"Exporting application archive…\" with title \"Archiving\"'\n\n# Ask xcodebuild(1) to export the app. Use the export options\n# from a previous manual export that used a Developer ID.\n#/usr/bin/xcodebuild -exportArchive -archivePath \"$ARCHIVE_PATH\" -exportOptionsPlist \"$SRCROOT/ExportOptions.plist\" -exportPath \"$EXPORT_PATH\"\n\n#create new archive\n#xcodebuild archive -scheme \"BugSplatTest-SwiftUIApp\" -sdk iphoneos -destination generic/platform=iOS -archivePath \"$ARCHIVE_PATH\"/BugSplatTest-SwiftUIApp.xcarchive\n\n# Ensure symbol upload tool is available\nif [ ! -f \"$PROJECT_DIR/../../Tools/symbol-upload-macos\" ]; then\n    mkdir -p \"$PROJECT_DIR/../../Tools\"\n    cd \"$PROJECT_DIR/../../Tools\"\n    curl -sL -O \"https://app.bugsplat.com/download/symbol-upload-macos\"\n    chmod +x symbol-upload-macos\nfi\n\nosascript -e 'display notification \"preparing and uploading symbols…\" with title \"BugSplat\"'\n\n\"$PROJECT_DIR\"/../../Tools/symbol-upload-macos -a \"BugSplatTest-UIKit-Swift\" -b \"Fred\" -u \"fred@bugsplat.com\" -p \"Flintstone\" -f \"**/*.dSYM\" -d \"$BUILT_PRODUCTS_DIR\" -v \"1.0 (1)\"\n";
		};
/* End PBXShellScriptBuildPhase section */

/* Begin PBXSourcesBuildPhase section */
		6383C71B2BDB1BEF00ABC887 /* Sources */ = {
			isa = PBXSourcesBuildPhase;
			buildActionMask = 2147483647;
			files = (
				6383C7272BDB1BEF00ABC887 /* ViewController.swift in Sources */,
				6383C7232BDB1BEF00ABC887 /* AppDelegate.swift in Sources */,
				6383C7252BDB1BEF00ABC887 /* SceneDelegate.swift in Sources */,
			);
			runOnlyForDeploymentPostprocessing = 0;
		};
/* End PBXSourcesBuildPhase section */

/* Begin PBXVariantGroup section */
		6383C7282BDB1BEF00ABC887 /* Main.storyboard */ = {
			isa = PBXVariantGroup;
			children = (
				6383C7292BDB1BEF00ABC887 /* Base */,
			);
			name = Main.storyboard;
			sourceTree = "<group>";
		};
		6383C72D2BDB1BF100ABC887 /* LaunchScreen.storyboard */ = {
			isa = PBXVariantGroup;
			children = (
				6383C72E2BDB1BF100ABC887 /* Base */,
			);
			name = LaunchScreen.storyboard;
			sourceTree = "<group>";
		};
/* End PBXVariantGroup section */

/* Begin XCBuildConfiguration section */
		6383C7312BDB1BF100ABC887 /* Debug */ = {
			isa = XCBuildConfiguration;
			buildSettings = {
				ALWAYS_SEARCH_USER_PATHS = NO;
				ASSETCATALOG_COMPILER_GENERATE_SWIFT_ASSET_SYMBOL_EXTENSIONS = YES;
				CLANG_ANALYZER_NONNULL = YES;
				CLANG_ANALYZER_NUMBER_OBJECT_CONVERSION = YES_AGGRESSIVE;
				CLANG_CXX_LANGUAGE_STANDARD = "gnu++20";
				CLANG_ENABLE_MODULES = YES;
				CLANG_ENABLE_OBJC_ARC = YES;
				CLANG_ENABLE_OBJC_WEAK = YES;
				CLANG_WARN_BLOCK_CAPTURE_AUTORELEASING = YES;
				CLANG_WARN_BOOL_CONVERSION = YES;
				CLANG_WARN_COMMA = YES;
				CLANG_WARN_CONSTANT_CONVERSION = YES;
				CLANG_WARN_DEPRECATED_OBJC_IMPLEMENTATIONS = YES;
				CLANG_WARN_DIRECT_OBJC_ISA_USAGE = YES_ERROR;
				CLANG_WARN_DOCUMENTATION_COMMENTS = YES;
				CLANG_WARN_EMPTY_BODY = YES;
				CLANG_WARN_ENUM_CONVERSION = YES;
				CLANG_WARN_INFINITE_RECURSION = YES;
				CLANG_WARN_INT_CONVERSION = YES;
				CLANG_WARN_NON_LITERAL_NULL_CONVERSION = YES;
				CLANG_WARN_OBJC_IMPLICIT_RETAIN_SELF = YES;
				CLANG_WARN_OBJC_LITERAL_CONVERSION = YES;
				CLANG_WARN_OBJC_ROOT_CLASS = YES_ERROR;
				CLANG_WARN_QUOTED_INCLUDE_IN_FRAMEWORK_HEADER = YES;
				CLANG_WARN_RANGE_LOOP_ANALYSIS = YES;
				CLANG_WARN_STRICT_PROTOTYPES = YES;
				CLANG_WARN_SUSPICIOUS_MOVE = YES;
				CLANG_WARN_UNGUARDED_AVAILABILITY = YES_AGGRESSIVE;
				CLANG_WARN_UNREACHABLE_CODE = YES;
				CLANG_WARN__DUPLICATE_METHOD_MATCH = YES;
				COPY_PHASE_STRIP = NO;
				DEBUG_INFORMATION_FORMAT = "dwarf-with-dsym";
				ENABLE_STRICT_OBJC_MSGSEND = YES;
				ENABLE_TESTABILITY = YES;
				ENABLE_USER_SCRIPT_SANDBOXING = NO;
				GCC_C_LANGUAGE_STANDARD = gnu17;
				GCC_DYNAMIC_NO_PIC = NO;
				GCC_NO_COMMON_BLOCKS = YES;
				GCC_OPTIMIZATION_LEVEL = 0;
				GCC_PREPROCESSOR_DEFINITIONS = (
					"DEBUG=1",
					"$(inherited)",
				);
				GCC_WARN_64_TO_32_BIT_CONVERSION = YES;
				GCC_WARN_ABOUT_RETURN_TYPE = YES_ERROR;
				GCC_WARN_UNDECLARED_SELECTOR = YES;
				GCC_WARN_UNINITIALIZED_AUTOS = YES_AGGRESSIVE;
				GCC_WARN_UNUSED_FUNCTION = YES;
				GCC_WARN_UNUSED_VARIABLE = YES;
				IPHONEOS_DEPLOYMENT_TARGET = 17.4;
				LOCALIZATION_PREFERS_STRING_CATALOGS = YES;
				MTL_ENABLE_DEBUG_INFO = INCLUDE_SOURCE;
				MTL_FAST_MATH = YES;
				ONLY_ACTIVE_ARCH = YES;
				SDKROOT = iphoneos;
				SWIFT_ACTIVE_COMPILATION_CONDITIONS = "DEBUG $(inherited)";
				SWIFT_OPTIMIZATION_LEVEL = "-Onone";
			};
			name = Debug;
		};
		6383C7322BDB1BF100ABC887 /* Release */ = {
			isa = XCBuildConfiguration;
			buildSettings = {
				ALWAYS_SEARCH_USER_PATHS = NO;
				ASSETCATALOG_COMPILER_GENERATE_SWIFT_ASSET_SYMBOL_EXTENSIONS = YES;
				CLANG_ANALYZER_NONNULL = YES;
				CLANG_ANALYZER_NUMBER_OBJECT_CONVERSION = YES_AGGRESSIVE;
				CLANG_CXX_LANGUAGE_STANDARD = "gnu++20";
				CLANG_ENABLE_MODULES = YES;
				CLANG_ENABLE_OBJC_ARC = YES;
				CLANG_ENABLE_OBJC_WEAK = YES;
				CLANG_WARN_BLOCK_CAPTURE_AUTORELEASING = YES;
				CLANG_WARN_BOOL_CONVERSION = YES;
				CLANG_WARN_COMMA = YES;
				CLANG_WARN_CONSTANT_CONVERSION = YES;
				CLANG_WARN_DEPRECATED_OBJC_IMPLEMENTATIONS = YES;
				CLANG_WARN_DIRECT_OBJC_ISA_USAGE = YES_ERROR;
				CLANG_WARN_DOCUMENTATION_COMMENTS = YES;
				CLANG_WARN_EMPTY_BODY = YES;
				CLANG_WARN_ENUM_CONVERSION = YES;
				CLANG_WARN_INFINITE_RECURSION = YES;
				CLANG_WARN_INT_CONVERSION = YES;
				CLANG_WARN_NON_LITERAL_NULL_CONVERSION = YES;
				CLANG_WARN_OBJC_IMPLICIT_RETAIN_SELF = YES;
				CLANG_WARN_OBJC_LITERAL_CONVERSION = YES;
				CLANG_WARN_OBJC_ROOT_CLASS = YES_ERROR;
				CLANG_WARN_QUOTED_INCLUDE_IN_FRAMEWORK_HEADER = YES;
				CLANG_WARN_RANGE_LOOP_ANALYSIS = YES;
				CLANG_WARN_STRICT_PROTOTYPES = YES;
				CLANG_WARN_SUSPICIOUS_MOVE = YES;
				CLANG_WARN_UNGUARDED_AVAILABILITY = YES_AGGRESSIVE;
				CLANG_WARN_UNREACHABLE_CODE = YES;
				CLANG_WARN__DUPLICATE_METHOD_MATCH = YES;
				COPY_PHASE_STRIP = NO;
				DEBUG_INFORMATION_FORMAT = "dwarf-with-dsym";
				ENABLE_NS_ASSERTIONS = NO;
				ENABLE_STRICT_OBJC_MSGSEND = YES;
				ENABLE_USER_SCRIPT_SANDBOXING = NO;
				GCC_C_LANGUAGE_STANDARD = gnu17;
				GCC_NO_COMMON_BLOCKS = YES;
				GCC_WARN_64_TO_32_BIT_CONVERSION = YES;
				GCC_WARN_ABOUT_RETURN_TYPE = YES_ERROR;
				GCC_WARN_UNDECLARED_SELECTOR = YES;
				GCC_WARN_UNINITIALIZED_AUTOS = YES_AGGRESSIVE;
				GCC_WARN_UNUSED_FUNCTION = YES;
				GCC_WARN_UNUSED_VARIABLE = YES;
				IPHONEOS_DEPLOYMENT_TARGET = 17.4;
				LOCALIZATION_PREFERS_STRING_CATALOGS = YES;
				MTL_ENABLE_DEBUG_INFO = NO;
				MTL_FAST_MATH = YES;
				SDKROOT = iphoneos;
				SWIFT_COMPILATION_MODE = wholemodule;
				VALIDATE_PRODUCT = YES;
			};
			name = Release;
		};
		6383C7342BDB1BF100ABC887 /* Debug */ = {
			isa = XCBuildConfiguration;
			buildSettings = {
				ASSETCATALOG_COMPILER_APPICON_NAME = AppIcon;
				ASSETCATALOG_COMPILER_GLOBAL_ACCENT_COLOR_NAME = AccentColor;
				CODE_SIGN_STYLE = Automatic;
				CURRENT_PROJECT_VERSION = 1;
				DEVELOPMENT_TEAM = TN6R4Q475K;
				GENERATE_INFOPLIST_FILE = YES;
				INFOPLIST_FILE = "BugSplatTest-UIKit-Swift/Info.plist";
				INFOPLIST_KEY_UIApplicationSupportsIndirectInputEvents = YES;
				INFOPLIST_KEY_UILaunchStoryboardName = LaunchScreen;
				INFOPLIST_KEY_UIMainStoryboardFile = Main;
				INFOPLIST_KEY_UISupportedInterfaceOrientations_iPad = "UIInterfaceOrientationPortrait UIInterfaceOrientationPortraitUpsideDown UIInterfaceOrientationLandscapeLeft UIInterfaceOrientationLandscapeRight";
				INFOPLIST_KEY_UISupportedInterfaceOrientations_iPhone = "UIInterfaceOrientationPortrait UIInterfaceOrientationLandscapeLeft UIInterfaceOrientationLandscapeRight";
				LD_RUNPATH_SEARCH_PATHS = (
					"$(inherited)",
					"@executable_path/Frameworks",
				);
				MARKETING_VERSION = 1.0;
				PRODUCT_BUNDLE_IDENTIFIER = "com.bugsplat.BugSplatTest-UIKit-Swift";
				PRODUCT_NAME = "$(TARGET_NAME)";
				SWIFT_EMIT_LOC_STRINGS = YES;
				SWIFT_VERSION = 5.0;
				TARGETED_DEVICE_FAMILY = "1,2";
			};
			name = Debug;
		};
		6383C7352BDB1BF100ABC887 /* Release */ = {
			isa = XCBuildConfiguration;
			buildSettings = {
				ASSETCATALOG_COMPILER_APPICON_NAME = AppIcon;
				ASSETCATALOG_COMPILER_GLOBAL_ACCENT_COLOR_NAME = AccentColor;
				CODE_SIGN_STYLE = Automatic;
				CURRENT_PROJECT_VERSION = 1;
				DEVELOPMENT_TEAM = TN6R4Q475K;
				GENERATE_INFOPLIST_FILE = YES;
				INFOPLIST_FILE = "BugSplatTest-UIKit-Swift/Info.plist";
				INFOPLIST_KEY_UIApplicationSupportsIndirectInputEvents = YES;
				INFOPLIST_KEY_UILaunchStoryboardName = LaunchScreen;
				INFOPLIST_KEY_UIMainStoryboardFile = Main;
				INFOPLIST_KEY_UISupportedInterfaceOrientations_iPad = "UIInterfaceOrientationPortrait UIInterfaceOrientationPortraitUpsideDown UIInterfaceOrientationLandscapeLeft UIInterfaceOrientationLandscapeRight";
				INFOPLIST_KEY_UISupportedInterfaceOrientations_iPhone = "UIInterfaceOrientationPortrait UIInterfaceOrientationLandscapeLeft UIInterfaceOrientationLandscapeRight";
				LD_RUNPATH_SEARCH_PATHS = (
					"$(inherited)",
					"@executable_path/Frameworks",
				);
				MARKETING_VERSION = 1.0;
				PRODUCT_BUNDLE_IDENTIFIER = "com.bugsplat.BugSplatTest-UIKit-Swift";
				PRODUCT_NAME = "$(TARGET_NAME)";
				SWIFT_EMIT_LOC_STRINGS = YES;
				SWIFT_VERSION = 5.0;
				TARGETED_DEVICE_FAMILY = "1,2";
			};
			name = Release;
		};
/* End XCBuildConfiguration section */

/* Begin XCConfigurationList section */
		6383C71A2BDB1BEF00ABC887 /* Build configuration list for PBXProject "BugSplatTest-UIKit-Swift" */ = {
			isa = XCConfigurationList;
			buildConfigurations = (
				6383C7312BDB1BF100ABC887 /* Debug */,
				6383C7322BDB1BF100ABC887 /* Release */,
			);
			defaultConfigurationIsVisible = 0;
			defaultConfigurationName = Release;
		};
		6383C7332BDB1BF100ABC887 /* Build configuration list for PBXNativeTarget "BugSplatTest-UIKit-Swift" */ = {
			isa = XCConfigurationList;
			buildConfigurations = (
				6383C7342BDB1BF100ABC887 /* Debug */,
				6383C7352BDB1BF100ABC887 /* Release */,
			);
			defaultConfigurationIsVisible = 0;
			defaultConfigurationName = Release;
		};
/* End XCConfigurationList section */
	};
	rootObject = 6383C7172BDB1BEF00ABC887 /* Project object */;
}
