{
  "originHash" : "3cfaf58c2fabb27ba8665aae0652c6370e465b008e7e85a57fc54632e011f824",
  "pins" : [
    {
      "identity" : "bugsplat-apple",
      "kind" : "remoteSourceControl",
      "location" : "https://github.com/bugsplat-git/bugsplat-apple",
      "state" : {
        "revision" : "e09225b7fa0de98dbd409fb211629c2f39070643",
        "version" : "1.2.2"
      }
    }
  ],
  "version" : 3
}
